// !$*UTF8*$!
{
	archiveVersion = 1;
	classes = {
	};
	objectVersion = 51;
	objects = {

/* Begin PBXBuildFile section */
		152D1593B93C61848485889C /* Pods_CareTogetherTests.framework in Frameworks */ = {isa = PBXBuildFile; fileRef = 294C8502CCE080D81723B55C /* Pods_CareTogetherTests.framework */; };
		57A2B2A138675E503037271C /* Pods_CareTogether.framework in Frameworks */ = {isa = PBXBuildFile; fileRef = 1CBB9CC93B20939E9244D5B3 /* Pods_CareTogether.framework */; };
		9EFF38DC7608B7661DF5A6A0 /* Pods_CareTogether_CareTogetherUITests.framework in Frameworks */ = {isa = PBXBuildFile; fileRef = 72B496EAB083AC414758D2B2 /* Pods_CareTogether_CareTogetherUITests.framework */; };
		EE06E1F624387F6600CF5B9C /* GoogleService-Info.plist in Resources */ = {isa = PBXBuildFile; fileRef = EE06E1F524387F6600CF5B9C /* GoogleService-Info.plist */; };
		EE12FE462438B4C1009BD49B /* ServiceView.swift in Sources */ = {isa = PBXBuildFile; fileRef = EE12FE452438B4C1009BD49B /* ServiceView.swift */; };
		EE12FE482438B4D2009BD49B /* ServiceView.xib in Resources */ = {isa = PBXBuildFile; fileRef = EE12FE472438B4D2009BD49B /* ServiceView.xib */; };
		EE12FE4B2438BBD4009BD49B /* AnalyticsUseCase.swift in Sources */ = {isa = PBXBuildFile; fileRef = EE12FE4A2438BBD4009BD49B /* AnalyticsUseCase.swift */; };
		EE12FE4D2438BC02009BD49B /* AnalyticsState.swift in Sources */ = {isa = PBXBuildFile; fileRef = EE12FE4C2438BC02009BD49B /* AnalyticsState.swift */; };
		EE12FE502438C803009BD49B /* EncodedModel.swift in Sources */ = {isa = PBXBuildFile; fileRef = EE12FE4F2438C803009BD49B /* EncodedModel.swift */; };
		EE3E632D243B4C8A0039BE4B /* DashVc.swift in Sources */ = {isa = PBXBuildFile; fileRef = EE3E632C243B4C8A0039BE4B /* DashVc.swift */; };
		EE3E632F243B4DA70039BE4B /* AppNavigationController.swift in Sources */ = {isa = PBXBuildFile; fileRef = EE3E632E243B4DA70039BE4B /* AppNavigationController.swift */; };
		EE3E6332243B4F840039BE4B /* AboutVcViewController.swift in Sources */ = {isa = PBXBuildFile; fileRef = EE3E6331243B4F840039BE4B /* AboutVcViewController.swift */; };
		EE3E6334243B558E0039BE4B /* TermVc.swift in Sources */ = {isa = PBXBuildFile; fileRef = EE3E6333243B558E0039BE4B /* TermVc.swift */; };
		EE494D16244C39A9006656D7 /* Localizable.strings in Resources */ = {isa = PBXBuildFile; fileRef = EE494D14244C39A9006656D7 /* Localizable.strings */; };
		EE4ED24C2438EE2B00C63954 /* TrackModel.swift in Sources */ = {isa = PBXBuildFile; fileRef = EE4ED24B2438EE2B00C63954 /* TrackModel.swift */; };
		EE4ED24E2438EECD00C63954 /* TrackDbUtils.swift in Sources */ = {isa = PBXBuildFile; fileRef = EE4ED24D2438EECD00C63954 /* TrackDbUtils.swift */; };
		EE4ED25024390AE800C63954 /* Const.swift in Sources */ = {isa = PBXBuildFile; fileRef = EE4ED24F24390AE800C63954 /* Const.swift */; };
		EE4ED25224390CCA00C63954 /* CountModel.swift in Sources */ = {isa = PBXBuildFile; fileRef = EE4ED25124390CCA00C63954 /* CountModel.swift */; };
		EE5556972442212500075F7F /* StatusWebViewVc.swift in Sources */ = {isa = PBXBuildFile; fileRef = EE5556962442212500075F7F /* StatusWebViewVc.swift */; };
		EE58224424337B4D00D25CA2 /* DataByHospitalCell.swift in Sources */ = {isa = PBXBuildFile; fileRef = EE58224224337B4D00D25CA2 /* DataByHospitalCell.swift */; };
		EE58224524337B4D00D25CA2 /* DataByHospitalCell.xib in Resources */ = {isa = PBXBuildFile; fileRef = EE58224324337B4D00D25CA2 /* DataByHospitalCell.xib */; };
		EE5822472433801A00D25CA2 /* FullInformationVc.swift in Sources */ = {isa = PBXBuildFile; fileRef = EE5822462433801A00D25CA2 /* FullInformationVc.swift */; };
		EE58226C24339BCF00D25CA2 /* SwiftDataTables.bundle in Resources */ = {isa = PBXBuildFile; fileRef = EE58224924339BCF00D25CA2 /* SwiftDataTables.bundle */; };
		EE58226D24339BCF00D25CA2 /* PaginationHeaderViewModel.swift in Sources */ = {isa = PBXBuildFile; fileRef = EE58224D24339BCF00D25CA2 /* PaginationHeaderViewModel.swift */; };
		EE58226E24339BCF00D25CA2 /* PaginationHeader.swift in Sources */ = {isa = PBXBuildFile; fileRef = EE58224E24339BCF00D25CA2 /* PaginationHeader.swift */; };
		EE58226F24339BCF00D25CA2 /* MenuLengthHeader.swift in Sources */ = {isa = PBXBuildFile; fileRef = EE58225024339BCF00D25CA2 /* MenuLengthHeader.swift */; };
		EE58227024339BCF00D25CA2 /* MenuLengthHeaderViewModel.swift in Sources */ = {isa = PBXBuildFile; fileRef = EE58225124339BCF00D25CA2 /* MenuLengthHeaderViewModel.swift */; };
		EE58227124339BCF00D25CA2 /* DataCellViewModel.swift in Sources */ = {isa = PBXBuildFile; fileRef = EE58225324339BCF00D25CA2 /* DataCellViewModel.swift */; };
		EE58227224339BCF00D25CA2 /* DataCellLayoutAttributes.swift in Sources */ = {isa = PBXBuildFile; fileRef = EE58225424339BCF00D25CA2 /* DataCellLayoutAttributes.swift */; };
		EE58227324339BCF00D25CA2 /* DataCell.swift in Sources */ = {isa = PBXBuildFile; fileRef = EE58225524339BCF00D25CA2 /* DataCell.swift */; };
		EE58227424339BCF00D25CA2 /* DataHeaderFooterViewModel.swift in Sources */ = {isa = PBXBuildFile; fileRef = EE58225724339BCF00D25CA2 /* DataHeaderFooterViewModel.swift */; };
		EE58227524339BCF00D25CA2 /* DataHeaderFooter.swift in Sources */ = {isa = PBXBuildFile; fileRef = EE58225824339BCF00D25CA2 /* DataHeaderFooter.swift */; };
		EE58227624339BCF00D25CA2 /* DataTableSearchTextField.swift in Sources */ = {isa = PBXBuildFile; fileRef = EE58225924339BCF00D25CA2 /* DataTableSearchTextField.swift */; };
		EE58227724339BCF00D25CA2 /* DataTableFixedColumnType.swift in Sources */ = {isa = PBXBuildFile; fileRef = EE58225B24339BCF00D25CA2 /* DataTableFixedColumnType.swift */; };
		EE58227824339BCF00D25CA2 /* DataTableSortType.swift in Sources */ = {isa = PBXBuildFile; fileRef = EE58225C24339BCF00D25CA2 /* DataTableSortType.swift */; };
		EE58227924339BCF00D25CA2 /* DataTableConfiguration.swift in Sources */ = {isa = PBXBuildFile; fileRef = EE58225D24339BCF00D25CA2 /* DataTableConfiguration.swift */; };
		EE58227A24339BCF00D25CA2 /* DataTableValueType.swift in Sources */ = {isa = PBXBuildFile; fileRef = EE58225E24339BCF00D25CA2 /* DataTableValueType.swift */; };
		EE58227B24339BCF00D25CA2 /* DataStructureModel.swift in Sources */ = {isa = PBXBuildFile; fileRef = EE58225F24339BCF00D25CA2 /* DataStructureModel.swift */; };
		EE58227C24339BCF00D25CA2 /* SwiftDataTableLayout.swift in Sources */ = {isa = PBXBuildFile; fileRef = EE58226024339BCF00D25CA2 /* SwiftDataTableLayout.swift */; };
		EE58227D24339BCF00D25CA2 /* SwiftDataTable+Extensions.swift in Sources */ = {isa = PBXBuildFile; fileRef = EE58226224339BCF00D25CA2 /* SwiftDataTable+Extensions.swift */; };
		EE58227E24339BCF00D25CA2 /* DataStore.swift in Sources */ = {isa = PBXBuildFile; fileRef = EE58226324339BCF00D25CA2 /* DataStore.swift */; };
		EE58227F24339BCF00D25CA2 /* SwiftDataTable.swift in Sources */ = {isa = PBXBuildFile; fileRef = EE58226424339BCF00D25CA2 /* SwiftDataTable.swift */; };
		EE58228024339BCF00D25CA2 /* VirtualPositionTrackable.swift in Sources */ = {isa = PBXBuildFile; fileRef = EE58226624339BCF00D25CA2 /* VirtualPositionTrackable.swift */; };
		EE58228124339BCF00D25CA2 /* CollectionViewCellRepresentable.swift in Sources */ = {isa = PBXBuildFile; fileRef = EE58226724339BCF00D25CA2 /* CollectionViewCellRepresentable.swift */; };
		EE58228224339BCF00D25CA2 /* DataCellRowRepresentable.swift in Sources */ = {isa = PBXBuildFile; fileRef = EE58226824339BCF00D25CA2 /* DataCellRowRepresentable.swift */; };
		EE58228324339BCF00D25CA2 /* DataTableSortable.swift in Sources */ = {isa = PBXBuildFile; fileRef = EE58226924339BCF00D25CA2 /* DataTableSortable.swift */; };
		EE58228424339BCF00D25CA2 /* SwiftDataTableDataSourceAndDelegate.swift in Sources */ = {isa = PBXBuildFile; fileRef = EE58226A24339BCF00D25CA2 /* SwiftDataTableDataSourceAndDelegate.swift */; };
		EE58228524339BCF00D25CA2 /* CollectionViewSupplementaryElementRepresentable.swift in Sources */ = {isa = PBXBuildFile; fileRef = EE58226B24339BCF00D25CA2 /* CollectionViewSupplementaryElementRepresentable.swift */; };
		EE58C06624325EB3002F9FAE /* Engine.swift in Sources */ = {isa = PBXBuildFile; fileRef = EE58C06524325EB3002F9FAE /* Engine.swift */; };
		EE58C06824325ED7002F9FAE /* CareService.swift in Sources */ = {isa = PBXBuildFile; fileRef = EE58C06724325ED7002F9FAE /* CareService.swift */; };
		EE58C06A24325F3A002F9FAE /* Utils.swift in Sources */ = {isa = PBXBuildFile; fileRef = EE58C06924325F3A002F9FAE /* Utils.swift */; };
		EE5A0F862432EB1700F20E85 /* NewVc.swift in Sources */ = {isa = PBXBuildFile; fileRef = EE5A0F852432EB1700F20E85 /* NewVc.swift */; };
		EE5A0F882432EB2800F20E85 /* NewUseCase.swift in Sources */ = {isa = PBXBuildFile; fileRef = EE5A0F872432EB2800F20E85 /* NewUseCase.swift */; };
		EE5A0F8A2432EB7000F20E85 /* NewState.swift in Sources */ = {isa = PBXBuildFile; fileRef = EE5A0F892432EB6F00F20E85 /* NewState.swift */; };
		EE5A0F8E2432F2D900F20E85 /* NewCell.swift in Sources */ = {isa = PBXBuildFile; fileRef = EE5A0F8C2432F2D900F20E85 /* NewCell.swift */; };
		EE5A0F8F2432F2D900F20E85 /* NewCell.xib in Resources */ = {isa = PBXBuildFile; fileRef = EE5A0F8D2432F2D900F20E85 /* NewCell.xib */; };
		EE5A0F922432F4B600F20E85 /* NewResponse.swift in Sources */ = {isa = PBXBuildFile; fileRef = EE5A0F912432F4B600F20E85 /* NewResponse.swift */; };
		EE5A0F942432F83F00F20E85 /* NewDetailVc.swift in Sources */ = {isa = PBXBuildFile; fileRef = EE5A0F932432F83F00F20E85 /* NewDetailVc.swift */; };
		EE5A0F962432F9AB00F20E85 /* NewDetailResponse.swift in Sources */ = {isa = PBXBuildFile; fileRef = EE5A0F952432F9AB00F20E85 /* NewDetailResponse.swift */; };
		EE5A0F992432FC7C00F20E85 /* DetailToolbar.swift in Sources */ = {isa = PBXBuildFile; fileRef = EE5A0F982432FC7C00F20E85 /* DetailToolbar.swift */; };
		EE5A0F9B2432FC8700F20E85 /* DetailToolbar.xib in Resources */ = {isa = PBXBuildFile; fileRef = EE5A0F9A2432FC8700F20E85 /* DetailToolbar.xib */; };
		EE695CF72430C027008512E4 /* PhoneToolbar.swift in Sources */ = {isa = PBXBuildFile; fileRef = EE695CF62430C027008512E4 /* PhoneToolbar.swift */; };
		EE695CF92430C034008512E4 /* PhoneToolbar.xib in Resources */ = {isa = PBXBuildFile; fileRef = EE695CF82430C034008512E4 /* PhoneToolbar.xib */; };
		EE695CFE2430CBCA008512E4 /* Store.swift in Sources */ = {isa = PBXBuildFile; fileRef = EE695CFD2430CBCA008512E4 /* Store.swift */; };
		EE695D002430D026008512E4 /* Reachability.swift in Sources */ = {isa = PBXBuildFile; fileRef = EE695CFF2430D026008512E4 /* Reachability.swift */; };
		EE695D082430D77A008512E4 /* NoticePagerVc.swift in Sources */ = {isa = PBXBuildFile; fileRef = EE695D072430D77A008512E4 /* NoticePagerVc.swift */; };
		EE695D0A2430D88D008512E4 /* SafeNoticeVc.swift in Sources */ = {isa = PBXBuildFile; fileRef = EE695D092430D88D008512E4 /* SafeNoticeVc.swift */; };
		EE87179F244DF61E00081915 /* ToolbarWebVc.swift in Sources */ = {isa = PBXBuildFile; fileRef = EE87179E244DF61E00081915 /* ToolbarWebVc.swift */; };
		EE8717A2244DFC9600081915 /* NewsAndVideosVc.swift in Sources */ = {isa = PBXBuildFile; fileRef = EE8717A1244DFC9600081915 /* NewsAndVideosVc.swift */; };
		EE8717A4244E001C00081915 /* DoAndDontVc.swift in Sources */ = {isa = PBXBuildFile; fileRef = EE8717A3244E001C00081915 /* DoAndDontVc.swift */; };
		EE8717AA244E0BB900081915 /* ShareHealthVc.swift in Sources */ = {isa = PBXBuildFile; fileRef = EE8717A9244E0BB900081915 /* ShareHealthVc.swift */; };
		EE8717AC244E1AA600081915 /* UIPaddingTextField.swift in Sources */ = {isa = PBXBuildFile; fileRef = EE8717AB244E1AA600081915 /* UIPaddingTextField.swift */; };
		EE877C0A2448A05000B0AA56 /* LocaleCell.swift in Sources */ = {isa = PBXBuildFile; fileRef = EE877C082448A05000B0AA56 /* LocaleCell.swift */; };
		EE877C0B2448A05000B0AA56 /* LocaleCell.xib in Resources */ = {isa = PBXBuildFile; fileRef = EE877C092448A05000B0AA56 /* LocaleCell.xib */; };
		EEA690AB244C5361008D2F7D /* AppTabBarVc.swift in Sources */ = {isa = PBXBuildFile; fileRef = EEA690AA244C5361008D2F7D /* AppTabBarVc.swift */; };
		EEAE66F32442147900DD602E /* BaseVc.swift in Sources */ = {isa = PBXBuildFile; fileRef = EEAE66F22442147800DD602E /* BaseVc.swift */; };
		EEAE66F52442149B00DD602E /* DashboardVc.swift in Sources */ = {isa = PBXBuildFile; fileRef = EEAE66F42442149B00DD602E /* DashboardVc.swift */; };
		EEAE66F72442184A00DD602E /* AnalysisWebViewVc.swift in Sources */ = {isa = PBXBuildFile; fileRef = EEAE66F62442184A00DD602E /* AnalysisWebViewVc.swift */; };
		EEAE66F924421B3100DD602E /* EmergencyVc.swift in Sources */ = {isa = PBXBuildFile; fileRef = EEAE66F824421B3100DD602E /* EmergencyVc.swift */; };
		EED1F2CE2430854600B071C8 /* AppDelegate.swift in Sources */ = {isa = PBXBuildFile; fileRef = EED1F2CD2430854600B071C8 /* AppDelegate.swift */; };
		EED1F2D02430854600B071C8 /* SceneDelegate.swift in Sources */ = {isa = PBXBuildFile; fileRef = EED1F2CF2430854600B071C8 /* SceneDelegate.swift */; };
		EED1F2D22430854600B071C8 /* ChooseFontVc.swift in Sources */ = {isa = PBXBuildFile; fileRef = EED1F2D12430854600B071C8 /* ChooseFontVc.swift */; };
		EED1F2D52430854600B071C8 /* Main.storyboard in Resources */ = {isa = PBXBuildFile; fileRef = EED1F2D32430854600B071C8 /* Main.storyboard */; };
		EED1F2D82430854600B071C8 /* CareTogether.xcdatamodeld in Sources */ = {isa = PBXBuildFile; fileRef = EED1F2D62430854600B071C8 /* CareTogether.xcdatamodeld */; };
		EED1F2DA2430854700B071C8 /* Assets.xcassets in Resources */ = {isa = PBXBuildFile; fileRef = EED1F2D92430854700B071C8 /* Assets.xcassets */; };
		EED1F2DD2430854700B071C8 /* LaunchScreen.storyboard in Resources */ = {isa = PBXBuildFile; fileRef = EED1F2DB2430854700B071C8 /* LaunchScreen.storyboard */; };
		EED1F2E82430854700B071C8 /* CareTogetherTests.swift in Sources */ = {isa = PBXBuildFile; fileRef = EED1F2E72430854700B071C8 /* CareTogetherTests.swift */; };
		EED1F2F32430854700B071C8 /* CareTogetherUITests.swift in Sources */ = {isa = PBXBuildFile; fileRef = EED1F2F22430854700B071C8 /* CareTogetherUITests.swift */; };
		EED1F3032430870E00B071C8 /* Pyidaungsu-2.5.3_Bold.ttf in Resources */ = {isa = PBXBuildFile; fileRef = EED1F3012430870E00B071C8 /* Pyidaungsu-2.5.3_Bold.ttf */; };
		EED1F3042430870E00B071C8 /* Pyidaungsu-2.5.3_Regular.ttf in Resources */ = {isa = PBXBuildFile; fileRef = EED1F3022430870E00B071C8 /* Pyidaungsu-2.5.3_Regular.ttf */; };
		EED1F30724308E0700B071C8 /* CIrcleImage.swift in Sources */ = {isa = PBXBuildFile; fileRef = EED1F30624308E0700B071C8 /* CIrcleImage.swift */; };
		EED1F30A24308E9E00B071C8 /* Router.swift in Sources */ = {isa = PBXBuildFile; fileRef = EED1F30924308E9E00B071C8 /* Router.swift */; };
		EED1F30C24308F0900B071C8 /* VcExt.swift in Sources */ = {isa = PBXBuildFile; fileRef = EED1F30B24308F0900B071C8 /* VcExt.swift */; };
		EED1F30E24308F7800B071C8 /* RoundCardView.swift in Sources */ = {isa = PBXBuildFile; fileRef = EED1F30D24308F7800B071C8 /* RoundCardView.swift */; };
		EED1F3102430932600B071C8 /* RoundButton.swift in Sources */ = {isa = PBXBuildFile; fileRef = EED1F30F2430932600B071C8 /* RoundButton.swift */; };
		EED1F3122430961300B071C8 /* ViewExt.swift in Sources */ = {isa = PBXBuildFile; fileRef = EED1F3112430961300B071C8 /* ViewExt.swift */; };
		EED1F3152430969400B071C8 /* PhoneVerifyVc.swift in Sources */ = {isa = PBXBuildFile; fileRef = EED1F3142430969400B071C8 /* PhoneVerifyVc.swift */; };
		EEDA21CF24333FED0077B293 /* RealNewVc.swift in Sources */ = {isa = PBXBuildFile; fileRef = EEDA21CE24333FED0077B293 /* RealNewVc.swift */; };
		EEDA21D2243360970077B293 /* InfoVc.swift in Sources */ = {isa = PBXBuildFile; fileRef = EEDA21D1243360970077B293 /* InfoVc.swift */; };
		EEDA21D424336CD70077B293 /* InfoUseCase.swift in Sources */ = {isa = PBXBuildFile; fileRef = EEDA21D324336CD70077B293 /* InfoUseCase.swift */; };
		EEDA21D624336D010077B293 /* InfoState.swift in Sources */ = {isa = PBXBuildFile; fileRef = EEDA21D524336D010077B293 /* InfoState.swift */; };
		EEDA21D924336D8A0077B293 /* StaticMyanmarResponse.swift in Sources */ = {isa = PBXBuildFile; fileRef = EEDA21D824336D8A0077B293 /* StaticMyanmarResponse.swift */; };
		EEF573EC243B814600977AF8 /* VideoCell.swift in Sources */ = {isa = PBXBuildFile; fileRef = EEF573EA243B814600977AF8 /* VideoCell.swift */; };
		EEF573ED243B814600977AF8 /* VideoCell.xib in Resources */ = {isa = PBXBuildFile; fileRef = EEF573EB243B814600977AF8 /* VideoCell.xib */; };
		EEF573EF243B87E300977AF8 /* VideoResponse.swift in Sources */ = {isa = PBXBuildFile; fileRef = EEF573EE243B87E300977AF8 /* VideoResponse.swift */; };
		EEF573F1243B8BDF00977AF8 /* YoutubeVc.swift in Sources */ = {isa = PBXBuildFile; fileRef = EEF573F0243B8BDF00977AF8 /* YoutubeVc.swift */; };
		EEF5CA19244861DC00CA06CA /* SettingVc.swift in Sources */ = {isa = PBXBuildFile; fileRef = EEF5CA18244861DC00CA06CA /* SettingVc.swift */; };
		EEF5CA1C244861F700CA06CA /* SettingModel.swift in Sources */ = {isa = PBXBuildFile; fileRef = EEF5CA1B244861F700CA06CA /* SettingModel.swift */; };
		EEF5CA1E244866D400CA06CA /* CommonState.swift in Sources */ = {isa = PBXBuildFile; fileRef = EEF5CA1D244866D400CA06CA /* CommonState.swift */; };
		EEF5CA202448677600CA06CA /* CommonUseCase.swift in Sources */ = {isa = PBXBuildFile; fileRef = EEF5CA1F2448677600CA06CA /* CommonUseCase.swift */; };
		EEFEE8092434D8EB00B8D072 /* GlobalView.swift in Sources */ = {isa = PBXBuildFile; fileRef = EEFEE8082434D8EB00B8D072 /* GlobalView.swift */; };
		EEFEE80B2434D8F300B8D072 /* GlobalView.xib in Resources */ = {isa = PBXBuildFile; fileRef = EEFEE80A2434D8F300B8D072 /* GlobalView.xib */; };
		EEFEE80D2434E64500B8D072 /* StaticCountryResponse.swift in Sources */ = {isa = PBXBuildFile; fileRef = EEFEE80C2434E64500B8D072 /* StaticCountryResponse.swift */; };
/* End PBXBuildFile section */

/* Begin PBXContainerItemProxy section */
		EED1F2E42430854700B071C8 /* PBXContainerItemProxy */ = {
			isa = PBXContainerItemProxy;
			containerPortal = EED1F2C22430854600B071C8 /* Project object */;
			proxyType = 1;
			remoteGlobalIDString = EED1F2C92430854600B071C8;
			remoteInfo = CareTogether;
		};
		EED1F2EF2430854700B071C8 /* PBXContainerItemProxy */ = {
			isa = PBXContainerItemProxy;
			containerPortal = EED1F2C22430854600B071C8 /* Project object */;
			proxyType = 1;
			remoteGlobalIDString = EED1F2C92430854600B071C8;
			remoteInfo = CareTogether;
		};
/* End PBXContainerItemProxy section */

/* Begin PBXFileReference section */
		1CBB9CC93B20939E9244D5B3 /* Pods_CareTogether.framework */ = {isa = PBXFileReference; explicitFileType = wrapper.framework; includeInIndex = 0; path = Pods_CareTogether.framework; sourceTree = BUILT_PRODUCTS_DIR; };
		294C8502CCE080D81723B55C /* Pods_CareTogetherTests.framework */ = {isa = PBXFileReference; explicitFileType = wrapper.framework; includeInIndex = 0; path = Pods_CareTogetherTests.framework; sourceTree = BUILT_PRODUCTS_DIR; };
		297AFC4035A80F3A39C360CE /* Pods-CareTogether.release.xcconfig */ = {isa = PBXFileReference; includeInIndex = 1; lastKnownFileType = text.xcconfig; name = "Pods-CareTogether.release.xcconfig"; path = "Target Support Files/Pods-CareTogether/Pods-CareTogether.release.xcconfig"; sourceTree = "<group>"; };
		5070DBBBB73ED417372DD47E /* Pods-CareTogether.debug.xcconfig */ = {isa = PBXFileReference; includeInIndex = 1; lastKnownFileType = text.xcconfig; name = "Pods-CareTogether.debug.xcconfig"; path = "Target Support Files/Pods-CareTogether/Pods-CareTogether.debug.xcconfig"; sourceTree = "<group>"; };
		72B496EAB083AC414758D2B2 /* Pods_CareTogether_CareTogetherUITests.framework */ = {isa = PBXFileReference; explicitFileType = wrapper.framework; includeInIndex = 0; path = Pods_CareTogether_CareTogetherUITests.framework; sourceTree = BUILT_PRODUCTS_DIR; };
		7E1A74FAE1FAD88D03ED3DE4 /* Pods-CareTogether-CareTogetherUITests.release.xcconfig */ = {isa = PBXFileReference; includeInIndex = 1; lastKnownFileType = text.xcconfig; name = "Pods-CareTogether-CareTogetherUITests.release.xcconfig"; path = "Target Support Files/Pods-CareTogether-CareTogetherUITests/Pods-CareTogether-CareTogetherUITests.release.xcconfig"; sourceTree = "<group>"; };
		8AF49D1B7DBE15C18723D305 /* Pods-CareTogetherTests.release.xcconfig */ = {isa = PBXFileReference; includeInIndex = 1; lastKnownFileType = text.xcconfig; name = "Pods-CareTogetherTests.release.xcconfig"; path = "Target Support Files/Pods-CareTogetherTests/Pods-CareTogetherTests.release.xcconfig"; sourceTree = "<group>"; };
		CC738E87ED8060A6371A630E /* Pods-CareTogetherTests.debug.xcconfig */ = {isa = PBXFileReference; includeInIndex = 1; lastKnownFileType = text.xcconfig; name = "Pods-CareTogetherTests.debug.xcconfig"; path = "Target Support Files/Pods-CareTogetherTests/Pods-CareTogetherTests.debug.xcconfig"; sourceTree = "<group>"; };
		EAD750E219A87CDF0B9E33ED /* Pods-CareTogether-CareTogetherUITests.debug.xcconfig */ = {isa = PBXFileReference; includeInIndex = 1; lastKnownFileType = text.xcconfig; name = "Pods-CareTogether-CareTogetherUITests.debug.xcconfig"; path = "Target Support Files/Pods-CareTogether-CareTogetherUITests/Pods-CareTogether-CareTogetherUITests.debug.xcconfig"; sourceTree = "<group>"; };
		EE06E1F524387F6600CF5B9C /* GoogleService-Info.plist */ = {isa = PBXFileReference; fileEncoding = 4; lastKnownFileType = text.plist.xml; path = "GoogleService-Info.plist"; sourceTree = "<group>"; };
		EE12FE452438B4C1009BD49B /* ServiceView.swift */ = {isa = PBXFileReference; lastKnownFileType = sourcecode.swift; path = ServiceView.swift; sourceTree = "<group>"; };
		EE12FE472438B4D2009BD49B /* ServiceView.xib */ = {isa = PBXFileReference; lastKnownFileType = file.xib; path = ServiceView.xib; sourceTree = "<group>"; };
		EE12FE4A2438BBD4009BD49B /* AnalyticsUseCase.swift */ = {isa = PBXFileReference; lastKnownFileType = sourcecode.swift; path = AnalyticsUseCase.swift; sourceTree = "<group>"; };
		EE12FE4C2438BC02009BD49B /* AnalyticsState.swift */ = {isa = PBXFileReference; lastKnownFileType = sourcecode.swift; path = AnalyticsState.swift; sourceTree = "<group>"; };
		EE12FE4F2438C803009BD49B /* EncodedModel.swift */ = {isa = PBXFileReference; lastKnownFileType = sourcecode.swift; path = EncodedModel.swift; sourceTree = "<group>"; };
		EE3E632C243B4C8A0039BE4B /* DashVc.swift */ = {isa = PBXFileReference; lastKnownFileType = sourcecode.swift; path = DashVc.swift; sourceTree = "<group>"; };
		EE3E632E243B4DA70039BE4B /* AppNavigationController.swift */ = {isa = PBXFileReference; lastKnownFileType = sourcecode.swift; path = AppNavigationController.swift; sourceTree = "<group>"; };
		EE3E6331243B4F840039BE4B /* AboutVcViewController.swift */ = {isa = PBXFileReference; lastKnownFileType = sourcecode.swift; path = AboutVcViewController.swift; sourceTree = "<group>"; };
		EE3E6333243B558E0039BE4B /* TermVc.swift */ = {isa = PBXFileReference; lastKnownFileType = sourcecode.swift; path = TermVc.swift; sourceTree = "<group>"; };
		EE494D0E244C387D006656D7 /* my */ = {isa = PBXFileReference; lastKnownFileType = text.plist.strings; name = my; path = my.lproj/Main.strings; sourceTree = "<group>"; };
		EE494D0F244C387D006656D7 /* my */ = {isa = PBXFileReference; lastKnownFileType = text.plist.strings; name = my; path = my.lproj/LaunchScreen.strings; sourceTree = "<group>"; };
		EE494D11244C389E006656D7 /* en */ = {isa = PBXFileReference; lastKnownFileType = text.plist.strings; name = en; path = en.lproj/Main.strings; sourceTree = "<group>"; };
		EE494D15244C39A9006656D7 /* Base */ = {isa = PBXFileReference; lastKnownFileType = text.plist.strings; name = Base; path = Base.lproj/Localizable.strings; sourceTree = "<group>"; };
		EE494D17244C39B9006656D7 /* en */ = {isa = PBXFileReference; lastKnownFileType = text.plist.strings; name = en; path = en.lproj/Localizable.strings; sourceTree = "<group>"; };
		EE494D18244C39BA006656D7 /* my */ = {isa = PBXFileReference; lastKnownFileType = text.plist.strings; name = my; path = my.lproj/Localizable.strings; sourceTree = "<group>"; };
		EE4ED24B2438EE2B00C63954 /* TrackModel.swift */ = {isa = PBXFileReference; lastKnownFileType = sourcecode.swift; path = TrackModel.swift; sourceTree = "<group>"; };
		EE4ED24D2438EECD00C63954 /* TrackDbUtils.swift */ = {isa = PBXFileReference; lastKnownFileType = sourcecode.swift; path = TrackDbUtils.swift; sourceTree = "<group>"; };
		EE4ED24F24390AE800C63954 /* Const.swift */ = {isa = PBXFileReference; lastKnownFileType = sourcecode.swift; path = Const.swift; sourceTree = "<group>"; };
		EE4ED25124390CCA00C63954 /* CountModel.swift */ = {isa = PBXFileReference; lastKnownFileType = sourcecode.swift; path = CountModel.swift; sourceTree = "<group>"; };
		EE5556962442212500075F7F /* StatusWebViewVc.swift */ = {isa = PBXFileReference; lastKnownFileType = sourcecode.swift; path = StatusWebViewVc.swift; sourceTree = "<group>"; };
		EE58224224337B4D00D25CA2 /* DataByHospitalCell.swift */ = {isa = PBXFileReference; lastKnownFileType = sourcecode.swift; path = DataByHospitalCell.swift; sourceTree = "<group>"; };
		EE58224324337B4D00D25CA2 /* DataByHospitalCell.xib */ = {isa = PBXFileReference; lastKnownFileType = file.xib; path = DataByHospitalCell.xib; sourceTree = "<group>"; };
		EE5822462433801A00D25CA2 /* FullInformationVc.swift */ = {isa = PBXFileReference; lastKnownFileType = sourcecode.swift; path = FullInformationVc.swift; sourceTree = "<group>"; };
		EE58224924339BCF00D25CA2 /* SwiftDataTables.bundle */ = {isa = PBXFileReference; lastKnownFileType = "wrapper.plug-in"; path = SwiftDataTables.bundle; sourceTree = "<group>"; };
		EE58224D24339BCF00D25CA2 /* PaginationHeaderViewModel.swift */ = {isa = PBXFileReference; fileEncoding = 4; lastKnownFileType = sourcecode.swift; path = PaginationHeaderViewModel.swift; sourceTree = "<group>"; };
		EE58224E24339BCF00D25CA2 /* PaginationHeader.swift */ = {isa = PBXFileReference; fileEncoding = 4; lastKnownFileType = sourcecode.swift; path = PaginationHeader.swift; sourceTree = "<group>"; };
		EE58225024339BCF00D25CA2 /* MenuLengthHeader.swift */ = {isa = PBXFileReference; fileEncoding = 4; lastKnownFileType = sourcecode.swift; path = MenuLengthHeader.swift; sourceTree = "<group>"; };
		EE58225124339BCF00D25CA2 /* MenuLengthHeaderViewModel.swift */ = {isa = PBXFileReference; fileEncoding = 4; lastKnownFileType = sourcecode.swift; path = MenuLengthHeaderViewModel.swift; sourceTree = "<group>"; };
		EE58225324339BCF00D25CA2 /* DataCellViewModel.swift */ = {isa = PBXFileReference; fileEncoding = 4; lastKnownFileType = sourcecode.swift; path = DataCellViewModel.swift; sourceTree = "<group>"; };
		EE58225424339BCF00D25CA2 /* DataCellLayoutAttributes.swift */ = {isa = PBXFileReference; fileEncoding = 4; lastKnownFileType = sourcecode.swift; path = DataCellLayoutAttributes.swift; sourceTree = "<group>"; };
		EE58225524339BCF00D25CA2 /* DataCell.swift */ = {isa = PBXFileReference; fileEncoding = 4; lastKnownFileType = sourcecode.swift; path = DataCell.swift; sourceTree = "<group>"; };
		EE58225724339BCF00D25CA2 /* DataHeaderFooterViewModel.swift */ = {isa = PBXFileReference; fileEncoding = 4; lastKnownFileType = sourcecode.swift; path = DataHeaderFooterViewModel.swift; sourceTree = "<group>"; };
		EE58225824339BCF00D25CA2 /* DataHeaderFooter.swift */ = {isa = PBXFileReference; fileEncoding = 4; lastKnownFileType = sourcecode.swift; path = DataHeaderFooter.swift; sourceTree = "<group>"; };
		EE58225924339BCF00D25CA2 /* DataTableSearchTextField.swift */ = {isa = PBXFileReference; fileEncoding = 4; lastKnownFileType = sourcecode.swift; path = DataTableSearchTextField.swift; sourceTree = "<group>"; };
		EE58225B24339BCF00D25CA2 /* DataTableFixedColumnType.swift */ = {isa = PBXFileReference; fileEncoding = 4; lastKnownFileType = sourcecode.swift; path = DataTableFixedColumnType.swift; sourceTree = "<group>"; };
		EE58225C24339BCF00D25CA2 /* DataTableSortType.swift */ = {isa = PBXFileReference; fileEncoding = 4; lastKnownFileType = sourcecode.swift; path = DataTableSortType.swift; sourceTree = "<group>"; };
		EE58225D24339BCF00D25CA2 /* DataTableConfiguration.swift */ = {isa = PBXFileReference; fileEncoding = 4; lastKnownFileType = sourcecode.swift; path = DataTableConfiguration.swift; sourceTree = "<group>"; };
		EE58225E24339BCF00D25CA2 /* DataTableValueType.swift */ = {isa = PBXFileReference; fileEncoding = 4; lastKnownFileType = sourcecode.swift; path = DataTableValueType.swift; sourceTree = "<group>"; };
		EE58225F24339BCF00D25CA2 /* DataStructureModel.swift */ = {isa = PBXFileReference; fileEncoding = 4; lastKnownFileType = sourcecode.swift; path = DataStructureModel.swift; sourceTree = "<group>"; };
		EE58226024339BCF00D25CA2 /* SwiftDataTableLayout.swift */ = {isa = PBXFileReference; fileEncoding = 4; lastKnownFileType = sourcecode.swift; path = SwiftDataTableLayout.swift; sourceTree = "<group>"; };
		EE58226224339BCF00D25CA2 /* SwiftDataTable+Extensions.swift */ = {isa = PBXFileReference; fileEncoding = 4; lastKnownFileType = sourcecode.swift; path = "SwiftDataTable+Extensions.swift"; sourceTree = "<group>"; };
		EE58226324339BCF00D25CA2 /* DataStore.swift */ = {isa = PBXFileReference; fileEncoding = 4; lastKnownFileType = sourcecode.swift; path = DataStore.swift; sourceTree = "<group>"; };
		EE58226424339BCF00D25CA2 /* SwiftDataTable.swift */ = {isa = PBXFileReference; fileEncoding = 4; lastKnownFileType = sourcecode.swift; path = SwiftDataTable.swift; sourceTree = "<group>"; };
		EE58226624339BCF00D25CA2 /* VirtualPositionTrackable.swift */ = {isa = PBXFileReference; fileEncoding = 4; lastKnownFileType = sourcecode.swift; path = VirtualPositionTrackable.swift; sourceTree = "<group>"; };
		EE58226724339BCF00D25CA2 /* CollectionViewCellRepresentable.swift */ = {isa = PBXFileReference; fileEncoding = 4; lastKnownFileType = sourcecode.swift; path = CollectionViewCellRepresentable.swift; sourceTree = "<group>"; };
		EE58226824339BCF00D25CA2 /* DataCellRowRepresentable.swift */ = {isa = PBXFileReference; fileEncoding = 4; lastKnownFileType = sourcecode.swift; path = DataCellRowRepresentable.swift; sourceTree = "<group>"; };
		EE58226924339BCF00D25CA2 /* DataTableSortable.swift */ = {isa = PBXFileReference; fileEncoding = 4; lastKnownFileType = sourcecode.swift; path = DataTableSortable.swift; sourceTree = "<group>"; };
		EE58226A24339BCF00D25CA2 /* SwiftDataTableDataSourceAndDelegate.swift */ = {isa = PBXFileReference; fileEncoding = 4; lastKnownFileType = sourcecode.swift; path = SwiftDataTableDataSourceAndDelegate.swift; sourceTree = "<group>"; };
		EE58226B24339BCF00D25CA2 /* CollectionViewSupplementaryElementRepresentable.swift */ = {isa = PBXFileReference; fileEncoding = 4; lastKnownFileType = sourcecode.swift; path = CollectionViewSupplementaryElementRepresentable.swift; sourceTree = "<group>"; };
		EE58C06524325EB3002F9FAE /* Engine.swift */ = {isa = PBXFileReference; lastKnownFileType = sourcecode.swift; path = Engine.swift; sourceTree = "<group>"; };
		EE58C06724325ED7002F9FAE /* CareService.swift */ = {isa = PBXFileReference; lastKnownFileType = sourcecode.swift; path = CareService.swift; sourceTree = "<group>"; };
		EE58C06924325F3A002F9FAE /* Utils.swift */ = {isa = PBXFileReference; lastKnownFileType = sourcecode.swift; path = Utils.swift; sourceTree = "<group>"; };
		EE5A0F852432EB1700F20E85 /* NewVc.swift */ = {isa = PBXFileReference; lastKnownFileType = sourcecode.swift; path = NewVc.swift; sourceTree = "<group>"; };
		EE5A0F872432EB2800F20E85 /* NewUseCase.swift */ = {isa = PBXFileReference; lastKnownFileType = sourcecode.swift; path = NewUseCase.swift; sourceTree = "<group>"; };
		EE5A0F892432EB6F00F20E85 /* NewState.swift */ = {isa = PBXFileReference; lastKnownFileType = sourcecode.swift; path = NewState.swift; sourceTree = "<group>"; };
		EE5A0F8C2432F2D900F20E85 /* NewCell.swift */ = {isa = PBXFileReference; lastKnownFileType = sourcecode.swift; path = NewCell.swift; sourceTree = "<group>"; };
		EE5A0F8D2432F2D900F20E85 /* NewCell.xib */ = {isa = PBXFileReference; lastKnownFileType = file.xib; path = NewCell.xib; sourceTree = "<group>"; };
		EE5A0F912432F4B600F20E85 /* NewResponse.swift */ = {isa = PBXFileReference; lastKnownFileType = sourcecode.swift; path = NewResponse.swift; sourceTree = "<group>"; };
		EE5A0F932432F83F00F20E85 /* NewDetailVc.swift */ = {isa = PBXFileReference; lastKnownFileType = sourcecode.swift; path = NewDetailVc.swift; sourceTree = "<group>"; };
		EE5A0F952432F9AB00F20E85 /* NewDetailResponse.swift */ = {isa = PBXFileReference; lastKnownFileType = sourcecode.swift; path = NewDetailResponse.swift; sourceTree = "<group>"; };
		EE5A0F982432FC7C00F20E85 /* DetailToolbar.swift */ = {isa = PBXFileReference; lastKnownFileType = sourcecode.swift; path = DetailToolbar.swift; sourceTree = "<group>"; };
		EE5A0F9A2432FC8700F20E85 /* DetailToolbar.xib */ = {isa = PBXFileReference; lastKnownFileType = file.xib; path = DetailToolbar.xib; sourceTree = "<group>"; };
		EE695CF62430C027008512E4 /* PhoneToolbar.swift */ = {isa = PBXFileReference; lastKnownFileType = sourcecode.swift; path = PhoneToolbar.swift; sourceTree = "<group>"; };
		EE695CF82430C034008512E4 /* PhoneToolbar.xib */ = {isa = PBXFileReference; lastKnownFileType = file.xib; path = PhoneToolbar.xib; sourceTree = "<group>"; };
		EE695CFD2430CBCA008512E4 /* Store.swift */ = {isa = PBXFileReference; lastKnownFileType = sourcecode.swift; path = Store.swift; sourceTree = "<group>"; };
		EE695CFF2430D026008512E4 /* Reachability.swift */ = {isa = PBXFileReference; lastKnownFileType = sourcecode.swift; path = Reachability.swift; sourceTree = "<group>"; };
		EE695D072430D77A008512E4 /* NoticePagerVc.swift */ = {isa = PBXFileReference; lastKnownFileType = sourcecode.swift; path = NoticePagerVc.swift; sourceTree = "<group>"; };
		EE695D092430D88D008512E4 /* SafeNoticeVc.swift */ = {isa = PBXFileReference; lastKnownFileType = sourcecode.swift; path = SafeNoticeVc.swift; sourceTree = "<group>"; };
		EE87179E244DF61E00081915 /* ToolbarWebVc.swift */ = {isa = PBXFileReference; lastKnownFileType = sourcecode.swift; path = ToolbarWebVc.swift; sourceTree = "<group>"; };
		EE8717A1244DFC9600081915 /* NewsAndVideosVc.swift */ = {isa = PBXFileReference; lastKnownFileType = sourcecode.swift; path = NewsAndVideosVc.swift; sourceTree = "<group>"; };
		EE8717A3244E001C00081915 /* DoAndDontVc.swift */ = {isa = PBXFileReference; lastKnownFileType = sourcecode.swift; path = DoAndDontVc.swift; sourceTree = "<group>"; };
		EE8717A9244E0BB900081915 /* ShareHealthVc.swift */ = {isa = PBXFileReference; lastKnownFileType = sourcecode.swift; path = ShareHealthVc.swift; sourceTree = "<group>"; };
		EE8717AB244E1AA600081915 /* UIPaddingTextField.swift */ = {isa = PBXFileReference; lastKnownFileType = sourcecode.swift; path = UIPaddingTextField.swift; sourceTree = "<group>"; };
		EE877C082448A05000B0AA56 /* LocaleCell.swift */ = {isa = PBXFileReference; lastKnownFileType = sourcecode.swift; path = LocaleCell.swift; sourceTree = "<group>"; };
		EE877C092448A05000B0AA56 /* LocaleCell.xib */ = {isa = PBXFileReference; lastKnownFileType = file.xib; path = LocaleCell.xib; sourceTree = "<group>"; };
		EEA690AA244C5361008D2F7D /* AppTabBarVc.swift */ = {isa = PBXFileReference; lastKnownFileType = sourcecode.swift; path = AppTabBarVc.swift; sourceTree = "<group>"; };
		EEAE66F22442147800DD602E /* BaseVc.swift */ = {isa = PBXFileReference; fileEncoding = 4; lastKnownFileType = sourcecode.swift; path = BaseVc.swift; sourceTree = "<group>"; };
		EEAE66F42442149B00DD602E /* DashboardVc.swift */ = {isa = PBXFileReference; fileEncoding = 4; lastKnownFileType = sourcecode.swift; path = DashboardVc.swift; sourceTree = "<group>"; };
		EEAE66F62442184A00DD602E /* AnalysisWebViewVc.swift */ = {isa = PBXFileReference; lastKnownFileType = sourcecode.swift; path = AnalysisWebViewVc.swift; sourceTree = "<group>"; };
		EEAE66F824421B3100DD602E /* EmergencyVc.swift */ = {isa = PBXFileReference; lastKnownFileType = sourcecode.swift; path = EmergencyVc.swift; sourceTree = "<group>"; };
		EED1F2CA2430854600B071C8 /* CareTogether.app */ = {isa = PBXFileReference; explicitFileType = wrapper.application; includeInIndex = 0; path = CareTogether.app; sourceTree = BUILT_PRODUCTS_DIR; };
		EED1F2CD2430854600B071C8 /* AppDelegate.swift */ = {isa = PBXFileReference; lastKnownFileType = sourcecode.swift; path = AppDelegate.swift; sourceTree = "<group>"; };
		EED1F2CF2430854600B071C8 /* SceneDelegate.swift */ = {isa = PBXFileReference; lastKnownFileType = sourcecode.swift; path = SceneDelegate.swift; sourceTree = "<group>"; };
		EED1F2D12430854600B071C8 /* ChooseFontVc.swift */ = {isa = PBXFileReference; lastKnownFileType = sourcecode.swift; path = ChooseFontVc.swift; sourceTree = "<group>"; };
		EED1F2D42430854600B071C8 /* Base */ = {isa = PBXFileReference; lastKnownFileType = file.storyboard; name = Base; path = Base.lproj/Main.storyboard; sourceTree = "<group>"; };
		EED1F2D72430854600B071C8 /* CareTogether.xcdatamodel */ = {isa = PBXFileReference; lastKnownFileType = wrapper.xcdatamodel; path = CareTogether.xcdatamodel; sourceTree = "<group>"; };
		EED1F2D92430854700B071C8 /* Assets.xcassets */ = {isa = PBXFileReference; lastKnownFileType = folder.assetcatalog; path = Assets.xcassets; sourceTree = "<group>"; };
		EED1F2DC2430854700B071C8 /* Base */ = {isa = PBXFileReference; lastKnownFileType = file.storyboard; name = Base; path = Base.lproj/LaunchScreen.storyboard; sourceTree = "<group>"; };
		EED1F2DE2430854700B071C8 /* Info.plist */ = {isa = PBXFileReference; lastKnownFileType = text.plist.xml; path = Info.plist; sourceTree = "<group>"; };
		EED1F2E32430854700B071C8 /* CareTogetherTests.xctest */ = {isa = PBXFileReference; explicitFileType = wrapper.cfbundle; includeInIndex = 0; path = CareTogetherTests.xctest; sourceTree = BUILT_PRODUCTS_DIR; };
		EED1F2E72430854700B071C8 /* CareTogetherTests.swift */ = {isa = PBXFileReference; lastKnownFileType = sourcecode.swift; path = CareTogetherTests.swift; sourceTree = "<group>"; };
		EED1F2E92430854700B071C8 /* Info.plist */ = {isa = PBXFileReference; lastKnownFileType = text.plist.xml; path = Info.plist; sourceTree = "<group>"; };
		EED1F2EE2430854700B071C8 /* CareTogetherUITests.xctest */ = {isa = PBXFileReference; explicitFileType = wrapper.cfbundle; includeInIndex = 0; path = CareTogetherUITests.xctest; sourceTree = BUILT_PRODUCTS_DIR; };
		EED1F2F22430854700B071C8 /* CareTogetherUITests.swift */ = {isa = PBXFileReference; lastKnownFileType = sourcecode.swift; path = CareTogetherUITests.swift; sourceTree = "<group>"; };
		EED1F2F42430854700B071C8 /* Info.plist */ = {isa = PBXFileReference; lastKnownFileType = text.plist.xml; path = Info.plist; sourceTree = "<group>"; };
		EED1F3012430870E00B071C8 /* Pyidaungsu-2.5.3_Bold.ttf */ = {isa = PBXFileReference; lastKnownFileType = file; path = "Pyidaungsu-2.5.3_Bold.ttf"; sourceTree = "<group>"; };
		EED1F3022430870E00B071C8 /* Pyidaungsu-2.5.3_Regular.ttf */ = {isa = PBXFileReference; lastKnownFileType = file; path = "Pyidaungsu-2.5.3_Regular.ttf"; sourceTree = "<group>"; };
		EED1F30624308E0700B071C8 /* CIrcleImage.swift */ = {isa = PBXFileReference; lastKnownFileType = sourcecode.swift; path = CIrcleImage.swift; sourceTree = "<group>"; };
		EED1F30924308E9E00B071C8 /* Router.swift */ = {isa = PBXFileReference; lastKnownFileType = sourcecode.swift; path = Router.swift; sourceTree = "<group>"; };
		EED1F30B24308F0900B071C8 /* VcExt.swift */ = {isa = PBXFileReference; lastKnownFileType = sourcecode.swift; path = VcExt.swift; sourceTree = "<group>"; };
		EED1F30D24308F7800B071C8 /* RoundCardView.swift */ = {isa = PBXFileReference; lastKnownFileType = sourcecode.swift; path = RoundCardView.swift; sourceTree = "<group>"; };
		EED1F30F2430932600B071C8 /* RoundButton.swift */ = {isa = PBXFileReference; lastKnownFileType = sourcecode.swift; path = RoundButton.swift; sourceTree = "<group>"; };
		EED1F3112430961300B071C8 /* ViewExt.swift */ = {isa = PBXFileReference; lastKnownFileType = sourcecode.swift; path = ViewExt.swift; sourceTree = "<group>"; };
		EED1F3142430969400B071C8 /* PhoneVerifyVc.swift */ = {isa = PBXFileReference; lastKnownFileType = sourcecode.swift; path = PhoneVerifyVc.swift; sourceTree = "<group>"; };
		EEDA21CE24333FED0077B293 /* RealNewVc.swift */ = {isa = PBXFileReference; lastKnownFileType = sourcecode.swift; path = RealNewVc.swift; sourceTree = "<group>"; };
		EEDA21D1243360970077B293 /* InfoVc.swift */ = {isa = PBXFileReference; lastKnownFileType = sourcecode.swift; path = InfoVc.swift; sourceTree = "<group>"; };
		EEDA21D324336CD70077B293 /* InfoUseCase.swift */ = {isa = PBXFileReference; lastKnownFileType = sourcecode.swift; path = InfoUseCase.swift; sourceTree = "<group>"; };
		EEDA21D524336D010077B293 /* InfoState.swift */ = {isa = PBXFileReference; lastKnownFileType = sourcecode.swift; path = InfoState.swift; sourceTree = "<group>"; };
		EEDA21D824336D8A0077B293 /* StaticMyanmarResponse.swift */ = {isa = PBXFileReference; lastKnownFileType = sourcecode.swift; path = StaticMyanmarResponse.swift; sourceTree = "<group>"; };
		EEF573EA243B814600977AF8 /* VideoCell.swift */ = {isa = PBXFileReference; lastKnownFileType = sourcecode.swift; path = VideoCell.swift; sourceTree = "<group>"; };
		EEF573EB243B814600977AF8 /* VideoCell.xib */ = {isa = PBXFileReference; lastKnownFileType = file.xib; path = VideoCell.xib; sourceTree = "<group>"; };
		EEF573EE243B87E300977AF8 /* VideoResponse.swift */ = {isa = PBXFileReference; lastKnownFileType = sourcecode.swift; path = VideoResponse.swift; sourceTree = "<group>"; };
		EEF573F0243B8BDF00977AF8 /* YoutubeVc.swift */ = {isa = PBXFileReference; lastKnownFileType = sourcecode.swift; path = YoutubeVc.swift; sourceTree = "<group>"; };
		EEF5CA18244861DC00CA06CA /* SettingVc.swift */ = {isa = PBXFileReference; lastKnownFileType = sourcecode.swift; path = SettingVc.swift; sourceTree = "<group>"; };
		EEF5CA1B244861F700CA06CA /* SettingModel.swift */ = {isa = PBXFileReference; lastKnownFileType = sourcecode.swift; path = SettingModel.swift; sourceTree = "<group>"; };
		EEF5CA1D244866D400CA06CA /* CommonState.swift */ = {isa = PBXFileReference; lastKnownFileType = sourcecode.swift; path = CommonState.swift; sourceTree = "<group>"; };
		EEF5CA1F2448677600CA06CA /* CommonUseCase.swift */ = {isa = PBXFileReference; lastKnownFileType = sourcecode.swift; path = CommonUseCase.swift; sourceTree = "<group>"; };
		EEFEE8082434D8EB00B8D072 /* GlobalView.swift */ = {isa = PBXFileReference; lastKnownFileType = sourcecode.swift; path = GlobalView.swift; sourceTree = "<group>"; };
		EEFEE80A2434D8F300B8D072 /* GlobalView.xib */ = {isa = PBXFileReference; lastKnownFileType = file.xib; path = GlobalView.xib; sourceTree = "<group>"; };
		EEFEE80C2434E64500B8D072 /* StaticCountryResponse.swift */ = {isa = PBXFileReference; lastKnownFileType = sourcecode.swift; path = StaticCountryResponse.swift; sourceTree = "<group>"; };
/* End PBXFileReference section */

/* Begin PBXFrameworksBuildPhase section */
		EED1F2C72430854600B071C8 /* Frameworks */ = {
			isa = PBXFrameworksBuildPhase;
			buildActionMask = 2147483647;
			files = (
				57A2B2A138675E503037271C /* Pods_CareTogether.framework in Frameworks */,
			);
			runOnlyForDeploymentPostprocessing = 0;
		};
		EED1F2E02430854700B071C8 /* Frameworks */ = {
			isa = PBXFrameworksBuildPhase;
			buildActionMask = 2147483647;
			files = (
				152D1593B93C61848485889C /* Pods_CareTogetherTests.framework in Frameworks */,
			);
			runOnlyForDeploymentPostprocessing = 0;
		};
		EED1F2EB2430854700B071C8 /* Frameworks */ = {
			isa = PBXFrameworksBuildPhase;
			buildActionMask = 2147483647;
			files = (
				9EFF38DC7608B7661DF5A6A0 /* Pods_CareTogether_CareTogetherUITests.framework in Frameworks */,
			);
			runOnlyForDeploymentPostprocessing = 0;
		};
/* End PBXFrameworksBuildPhase section */

/* Begin PBXGroup section */
		07140DF1125F16D4CAD4FF9E /* Pods */ = {
			isa = PBXGroup;
			children = (
				5070DBBBB73ED417372DD47E /* Pods-CareTogether.debug.xcconfig */,
				297AFC4035A80F3A39C360CE /* Pods-CareTogether.release.xcconfig */,
				EAD750E219A87CDF0B9E33ED /* Pods-CareTogether-CareTogetherUITests.debug.xcconfig */,
				7E1A74FAE1FAD88D03ED3DE4 /* Pods-CareTogether-CareTogetherUITests.release.xcconfig */,
				CC738E87ED8060A6371A630E /* Pods-CareTogetherTests.debug.xcconfig */,
				8AF49D1B7DBE15C18723D305 /* Pods-CareTogetherTests.release.xcconfig */,
			);
			path = Pods;
			sourceTree = "<group>";
		};
		0D7B8D4B0D603F01C420704C /* Frameworks */ = {
			isa = PBXGroup;
			children = (
				1CBB9CC93B20939E9244D5B3 /* Pods_CareTogether.framework */,
				72B496EAB083AC414758D2B2 /* Pods_CareTogether_CareTogetherUITests.framework */,
				294C8502CCE080D81723B55C /* Pods_CareTogetherTests.framework */,
			);
			name = Frameworks;
			sourceTree = "<group>";
		};
		EE12FE442438B4AF009BD49B /* ServiceView */ = {
			isa = PBXGroup;
			children = (
				EE12FE452438B4C1009BD49B /* ServiceView.swift */,
				EE12FE472438B4D2009BD49B /* ServiceView.xib */,
			);
			path = ServiceView;
			sourceTree = "<group>";
		};
		EE12FE492438BBC3009BD49B /* Analytics */ = {
			isa = PBXGroup;
			children = (
				EE12FE4E2438C7F3009BD49B /* model */,
				EE12FE4A2438BBD4009BD49B /* AnalyticsUseCase.swift */,
				EE12FE4C2438BC02009BD49B /* AnalyticsState.swift */,
				EEAE66F62442184A00DD602E /* AnalysisWebViewVc.swift */,
			);
			path = Analytics;
			sourceTree = "<group>";
		};
		EE12FE4E2438C7F3009BD49B /* model */ = {
			isa = PBXGroup;
			children = (
				EE12FE4F2438C803009BD49B /* EncodedModel.swift */,
				EE4ED25124390CCA00C63954 /* CountModel.swift */,
			);
			path = model;
			sourceTree = "<group>";
		};
		EE3E6330243B4F630039BE4B /* Common */ = {
			isa = PBXGroup;
			children = (
				EEF5CA1A244861EA00CA06CA /* model */,
				EE3E6331243B4F840039BE4B /* AboutVcViewController.swift */,
				EE3E6333243B558E0039BE4B /* TermVc.swift */,
				EEAE66F824421B3100DD602E /* EmergencyVc.swift */,
				EE5556962442212500075F7F /* StatusWebViewVc.swift */,
				EEF5CA18244861DC00CA06CA /* SettingVc.swift */,
				EEF5CA1D244866D400CA06CA /* CommonState.swift */,
				EEF5CA1F2448677600CA06CA /* CommonUseCase.swift */,
				EE8717A9244E0BB900081915 /* ShareHealthVc.swift */,
			);
			path = Common;
			sourceTree = "<group>";
		};
		EE58224124337B1900D25CA2 /* DataByHospital */ = {
			isa = PBXGroup;
			children = (
				EE58224224337B4D00D25CA2 /* DataByHospitalCell.swift */,
				EE58224324337B4D00D25CA2 /* DataByHospitalCell.xib */,
			);
			path = DataByHospital;
			sourceTree = "<group>";
		};
		EE58224824339BCF00D25CA2 /* SwiftDataTables */ = {
			isa = PBXGroup;
			children = (
				EE58224924339BCF00D25CA2 /* SwiftDataTables.bundle */,
				EE58224A24339BCF00D25CA2 /* Classes */,
			);
			path = SwiftDataTables;
			sourceTree = "<group>";
		};
		EE58224A24339BCF00D25CA2 /* Classes */ = {
			isa = PBXGroup;
			children = (
				EE58224B24339BCF00D25CA2 /* Cells */,
				EE58225924339BCF00D25CA2 /* DataTableSearchTextField.swift */,
				EE58225A24339BCF00D25CA2 /* Models */,
				EE58226024339BCF00D25CA2 /* SwiftDataTableLayout.swift */,
				EE58226124339BCF00D25CA2 /* Extensions */,
				EE58226324339BCF00D25CA2 /* DataStore.swift */,
				EE58226424339BCF00D25CA2 /* SwiftDataTable.swift */,
				EE58226524339BCF00D25CA2 /* Protocols */,
			);
			path = Classes;
			sourceTree = "<group>";
		};
		EE58224B24339BCF00D25CA2 /* Cells */ = {
			isa = PBXGroup;
			children = (
				EE58224C24339BCF00D25CA2 /* PaginationHeader */,
				EE58224F24339BCF00D25CA2 /* MenuLengthHeader */,
				EE58225224339BCF00D25CA2 /* DataCell */,
				EE58225624339BCF00D25CA2 /* HeaderFooter */,
			);
			path = Cells;
			sourceTree = "<group>";
		};
		EE58224C24339BCF00D25CA2 /* PaginationHeader */ = {
			isa = PBXGroup;
			children = (
				EE58224D24339BCF00D25CA2 /* PaginationHeaderViewModel.swift */,
				EE58224E24339BCF00D25CA2 /* PaginationHeader.swift */,
			);
			path = PaginationHeader;
			sourceTree = "<group>";
		};
		EE58224F24339BCF00D25CA2 /* MenuLengthHeader */ = {
			isa = PBXGroup;
			children = (
				EE58225024339BCF00D25CA2 /* MenuLengthHeader.swift */,
				EE58225124339BCF00D25CA2 /* MenuLengthHeaderViewModel.swift */,
			);
			path = MenuLengthHeader;
			sourceTree = "<group>";
		};
		EE58225224339BCF00D25CA2 /* DataCell */ = {
			isa = PBXGroup;
			children = (
				EE58225324339BCF00D25CA2 /* DataCellViewModel.swift */,
				EE58225424339BCF00D25CA2 /* DataCellLayoutAttributes.swift */,
				EE58225524339BCF00D25CA2 /* DataCell.swift */,
			);
			path = DataCell;
			sourceTree = "<group>";
		};
		EE58225624339BCF00D25CA2 /* HeaderFooter */ = {
			isa = PBXGroup;
			children = (
				EE58225724339BCF00D25CA2 /* DataHeaderFooterViewModel.swift */,
				EE58225824339BCF00D25CA2 /* DataHeaderFooter.swift */,
			);
			path = HeaderFooter;
			sourceTree = "<group>";
		};
		EE58225A24339BCF00D25CA2 /* Models */ = {
			isa = PBXGroup;
			children = (
				EE58225B24339BCF00D25CA2 /* DataTableFixedColumnType.swift */,
				EE58225C24339BCF00D25CA2 /* DataTableSortType.swift */,
				EE58225D24339BCF00D25CA2 /* DataTableConfiguration.swift */,
				EE58225E24339BCF00D25CA2 /* DataTableValueType.swift */,
				EE58225F24339BCF00D25CA2 /* DataStructureModel.swift */,
			);
			path = Models;
			sourceTree = "<group>";
		};
		EE58226124339BCF00D25CA2 /* Extensions */ = {
			isa = PBXGroup;
			children = (
				EE58226224339BCF00D25CA2 /* SwiftDataTable+Extensions.swift */,
			);
			path = Extensions;
			sourceTree = "<group>";
		};
		EE58226524339BCF00D25CA2 /* Protocols */ = {
			isa = PBXGroup;
			children = (
				EE58226624339BCF00D25CA2 /* VirtualPositionTrackable.swift */,
				EE58226724339BCF00D25CA2 /* CollectionViewCellRepresentable.swift */,
				EE58226824339BCF00D25CA2 /* DataCellRowRepresentable.swift */,
				EE58226924339BCF00D25CA2 /* DataTableSortable.swift */,
				EE58226A24339BCF00D25CA2 /* SwiftDataTableDataSourceAndDelegate.swift */,
				EE58226B24339BCF00D25CA2 /* CollectionViewSupplementaryElementRepresentable.swift */,
			);
			path = Protocols;
			sourceTree = "<group>";
		};
		EE58C06424325EA5002F9FAE /* Network */ = {
			isa = PBXGroup;
			children = (
				EE58C06524325EB3002F9FAE /* Engine.swift */,
				EE58C06724325ED7002F9FAE /* CareService.swift */,
				EE58C06924325F3A002F9FAE /* Utils.swift */,
			);
			path = Network;
			sourceTree = "<group>";
		};
		EE5A0F842432EAC700F20E85 /* News */ = {
			isa = PBXGroup;
			children = (
				EE5A0F902432F4AD00F20E85 /* model */,
				EE5A0F852432EB1700F20E85 /* NewVc.swift */,
				EE5A0F872432EB2800F20E85 /* NewUseCase.swift */,
				EE5A0F892432EB6F00F20E85 /* NewState.swift */,
				EE5A0F932432F83F00F20E85 /* NewDetailVc.swift */,
				EEDA21CE24333FED0077B293 /* RealNewVc.swift */,
				EEF573F0243B8BDF00977AF8 /* YoutubeVc.swift */,
			);
			path = News;
			sourceTree = "<group>";
		};
		EE5A0F8B2432F2C000F20E85 /* Cells */ = {
			isa = PBXGroup;
			children = (
				EE877C072448A02D00B0AA56 /* localeCell */,
				EEF573E9243B812100977AF8 /* videocell */,
				EE58224124337B1900D25CA2 /* DataByHospital */,
				EE5A0F8C2432F2D900F20E85 /* NewCell.swift */,
				EE5A0F8D2432F2D900F20E85 /* NewCell.xib */,
			);
			path = Cells;
			sourceTree = "<group>";
		};
		EE5A0F902432F4AD00F20E85 /* model */ = {
			isa = PBXGroup;
			children = (
				EE5A0F912432F4B600F20E85 /* NewResponse.swift */,
				EE5A0F952432F9AB00F20E85 /* NewDetailResponse.swift */,
				EEF573EE243B87E300977AF8 /* VideoResponse.swift */,
			);
			path = model;
			sourceTree = "<group>";
		};
		EE5A0F972432FC6700F20E85 /* DetailToolbar */ = {
			isa = PBXGroup;
			children = (
				EE5A0F982432FC7C00F20E85 /* DetailToolbar.swift */,
				EE5A0F9A2432FC8700F20E85 /* DetailToolbar.xib */,
			);
			path = DetailToolbar;
			sourceTree = "<group>";
		};
		EE695CF42430C003008512E4 /* Views */ = {
			isa = PBXGroup;
			children = (
				EE12FE442438B4AF009BD49B /* ServiceView */,
				EEFEE8072434D8D300B8D072 /* GlobalView */,
				EE5A0F972432FC6700F20E85 /* DetailToolbar */,
				EE695CF52430C009008512E4 /* PhoneToolbar */,
			);
			path = Views;
			sourceTree = "<group>";
		};
		EE695CF52430C009008512E4 /* PhoneToolbar */ = {
			isa = PBXGroup;
			children = (
				EE695CF62430C027008512E4 /* PhoneToolbar.swift */,
				EE695CF82430C034008512E4 /* PhoneToolbar.xib */,
			);
			path = PhoneToolbar;
			sourceTree = "<group>";
		};
		EE695CFA2430C614008512E4 /* Tabs */ = {
			isa = PBXGroup;
			children = (
				EEAE66F42442149B00DD602E /* DashboardVc.swift */,
				EE695D072430D77A008512E4 /* NoticePagerVc.swift */,
				EE695D092430D88D008512E4 /* SafeNoticeVc.swift */,
				EE3E632C243B4C8A0039BE4B /* DashVc.swift */,
			);
			path = Tabs;
			sourceTree = "<group>";
		};
		EE87179D244DF5F500081915 /* web */ = {
			isa = PBXGroup;
			children = (
				EE87179E244DF61E00081915 /* ToolbarWebVc.swift */,
			);
			path = web;
			sourceTree = "<group>";
		};
		EE8717A0244DFC6D00081915 /* container */ = {
			isa = PBXGroup;
			children = (
				EE8717A1244DFC9600081915 /* NewsAndVideosVc.swift */,
				EE8717A3244E001C00081915 /* DoAndDontVc.swift */,
			);
			path = container;
			sourceTree = "<group>";
		};
		EE877C072448A02D00B0AA56 /* localeCell */ = {
			isa = PBXGroup;
			children = (
				EE877C082448A05000B0AA56 /* LocaleCell.swift */,
				EE877C092448A05000B0AA56 /* LocaleCell.xib */,
			);
			path = localeCell;
			sourceTree = "<group>";
		};
		EEA699DB2438ED2B00D7176F /* db */ = {
			isa = PBXGroup;
			children = (
				EE4ED24B2438EE2B00C63954 /* TrackModel.swift */,
				EE4ED24D2438EECD00C63954 /* TrackDbUtils.swift */,
			);
			path = db;
			sourceTree = "<group>";
		};
		EED1F2C12430854600B071C8 = {
			isa = PBXGroup;
			children = (
				EED1F2CC2430854600B071C8 /* CareTogether */,
				EED1F2E62430854700B071C8 /* CareTogetherTests */,
				EED1F2F12430854700B071C8 /* CareTogetherUITests */,
				EED1F2CB2430854600B071C8 /* Products */,
				07140DF1125F16D4CAD4FF9E /* Pods */,
				0D7B8D4B0D603F01C420704C /* Frameworks */,
			);
			sourceTree = "<group>";
		};
		EED1F2CB2430854600B071C8 /* Products */ = {
			isa = PBXGroup;
			children = (
				EED1F2CA2430854600B071C8 /* CareTogether.app */,
				EED1F2E32430854700B071C8 /* CareTogetherTests.xctest */,
				EED1F2EE2430854700B071C8 /* CareTogetherUITests.xctest */,
			);
			name = Products;
			sourceTree = "<group>";
		};
		EED1F2CC2430854600B071C8 /* CareTogether */ = {
			isa = PBXGroup;
			children = (
				EEA699DB2438ED2B00D7176F /* db */,
				EE06E1F524387F6600CF5B9C /* GoogleService-Info.plist */,
				EE58224824339BCF00D25CA2 /* SwiftDataTables */,
				EE5A0F8B2432F2C000F20E85 /* Cells */,
				EE58C06424325EA5002F9FAE /* Network */,
				EE695CF42430C003008512E4 /* Views */,
				EED1F3132430967200B071C8 /* Viewcontrollers */,
				EED1F30824308E9400B071C8 /* Utils */,
				EED1F30524308DE100B071C8 /* Components */,
				EED1F300243086A700B071C8 /* Fonts */,
				EED1F2CD2430854600B071C8 /* AppDelegate.swift */,
				EED1F2CF2430854600B071C8 /* SceneDelegate.swift */,
				EED1F2D32430854600B071C8 /* Main.storyboard */,
				EED1F2D92430854700B071C8 /* Assets.xcassets */,
				EED1F2DB2430854700B071C8 /* LaunchScreen.storyboard */,
				EED1F2DE2430854700B071C8 /* Info.plist */,
				EED1F2D62430854600B071C8 /* CareTogether.xcdatamodeld */,
				EE494D14244C39A9006656D7 /* Localizable.strings */,
			);
			path = CareTogether;
			sourceTree = "<group>";
		};
		EED1F2E62430854700B071C8 /* CareTogetherTests */ = {
			isa = PBXGroup;
			children = (
				EED1F2E72430854700B071C8 /* CareTogetherTests.swift */,
				EED1F2E92430854700B071C8 /* Info.plist */,
			);
			path = CareTogetherTests;
			sourceTree = "<group>";
		};
		EED1F2F12430854700B071C8 /* CareTogetherUITests */ = {
			isa = PBXGroup;
			children = (
				EED1F2F22430854700B071C8 /* CareTogetherUITests.swift */,
				EED1F2F42430854700B071C8 /* Info.plist */,
			);
			path = CareTogetherUITests;
			sourceTree = "<group>";
		};
		EED1F300243086A700B071C8 /* Fonts */ = {
			isa = PBXGroup;
			children = (
				EED1F3012430870E00B071C8 /* Pyidaungsu-2.5.3_Bold.ttf */,
				EED1F3022430870E00B071C8 /* Pyidaungsu-2.5.3_Regular.ttf */,
			);
			path = Fonts;
			sourceTree = "<group>";
		};
		EED1F30524308DE100B071C8 /* Components */ = {
			isa = PBXGroup;
			children = (
				EED1F30D24308F7800B071C8 /* RoundCardView.swift */,
				EED1F30F2430932600B071C8 /* RoundButton.swift */,
				EED1F30624308E0700B071C8 /* CIrcleImage.swift */,
				EE8717AB244E1AA600081915 /* UIPaddingTextField.swift */,
			);
			path = Components;
			sourceTree = "<group>";
		};
		EED1F30824308E9400B071C8 /* Utils */ = {
			isa = PBXGroup;
			children = (
				EED1F30924308E9E00B071C8 /* Router.swift */,
				EED1F30B24308F0900B071C8 /* VcExt.swift */,
				EED1F3112430961300B071C8 /* ViewExt.swift */,
				EE695CFD2430CBCA008512E4 /* Store.swift */,
				EE695CFF2430D026008512E4 /* Reachability.swift */,
				EE4ED24F24390AE800C63954 /* Const.swift */,
				EE3E632E243B4DA70039BE4B /* AppNavigationController.swift */,
			);
			path = Utils;
			sourceTree = "<group>";
		};
		EED1F3132430967200B071C8 /* Viewcontrollers */ = {
			isa = PBXGroup;
			children = (
				EE8717A0244DFC6D00081915 /* container */,
				EE87179D244DF5F500081915 /* web */,
				EEAE66F22442147800DD602E /* BaseVc.swift */,
				EE3E6330243B4F630039BE4B /* Common */,
				EE12FE492438BBC3009BD49B /* Analytics */,
				EEDA21D0243360740077B293 /* Information */,
				EE5A0F842432EAC700F20E85 /* News */,
				EE695CFA2430C614008512E4 /* Tabs */,
				EED1F2D12430854600B071C8 /* ChooseFontVc.swift */,
				EED1F3142430969400B071C8 /* PhoneVerifyVc.swift */,
				EEA690AA244C5361008D2F7D /* AppTabBarVc.swift */,
			);
			path = Viewcontrollers;
			sourceTree = "<group>";
		};
		EEDA21D0243360740077B293 /* Information */ = {
			isa = PBXGroup;
			children = (
				EEDA21D724336D780077B293 /* model */,
				EEDA21D1243360970077B293 /* InfoVc.swift */,
				EEDA21D324336CD70077B293 /* InfoUseCase.swift */,
				EEDA21D524336D010077B293 /* InfoState.swift */,
				EE5822462433801A00D25CA2 /* FullInformationVc.swift */,
			);
			path = Information;
			sourceTree = "<group>";
		};
		EEDA21D724336D780077B293 /* model */ = {
			isa = PBXGroup;
			children = (
				EEDA21D824336D8A0077B293 /* StaticMyanmarResponse.swift */,
				EEFEE80C2434E64500B8D072 /* StaticCountryResponse.swift */,
			);
			path = model;
			sourceTree = "<group>";
		};
		EEF573E9243B812100977AF8 /* videocell */ = {
			isa = PBXGroup;
			children = (
				EEF573EA243B814600977AF8 /* VideoCell.swift */,
				EEF573EB243B814600977AF8 /* VideoCell.xib */,
			);
			path = videocell;
			sourceTree = "<group>";
		};
		EEF5CA1A244861EA00CA06CA /* model */ = {
			isa = PBXGroup;
			children = (
				EEF5CA1B244861F700CA06CA /* SettingModel.swift */,
			);
			path = model;
			sourceTree = "<group>";
		};
		EEFEE8072434D8D300B8D072 /* GlobalView */ = {
			isa = PBXGroup;
			children = (
				EEFEE8082434D8EB00B8D072 /* GlobalView.swift */,
				EEFEE80A2434D8F300B8D072 /* GlobalView.xib */,
			);
			path = GlobalView;
			sourceTree = "<group>";
		};
/* End PBXGroup section */

/* Begin PBXNativeTarget section */
		EED1F2C92430854600B071C8 /* CareTogether */ = {
			isa = PBXNativeTarget;
			buildConfigurationList = EED1F2F72430854700B071C8 /* Build configuration list for PBXNativeTarget "CareTogether" */;
			buildPhases = (
				BBCCE862FED2B75E68BD2394 /* [CP] Check Pods Manifest.lock */,
				EED1F2C62430854600B071C8 /* Sources */,
				EED1F2C72430854600B071C8 /* Frameworks */,
				EED1F2C82430854600B071C8 /* Resources */,
				FDAD9848A8BF6CAF07D9C2CE /* [CP] Embed Pods Frameworks */,
			);
			buildRules = (
			);
			dependencies = (
			);
			name = CareTogether;
			productName = CareTogether;
			productReference = EED1F2CA2430854600B071C8 /* CareTogether.app */;
			productType = "com.apple.product-type.application";
		};
		EED1F2E22430854700B071C8 /* CareTogetherTests */ = {
			isa = PBXNativeTarget;
			buildConfigurationList = EED1F2FA2430854700B071C8 /* Build configuration list for PBXNativeTarget "CareTogetherTests" */;
			buildPhases = (
				D7A1678F168161A125F6EBA5 /* [CP] Check Pods Manifest.lock */,
				EED1F2DF2430854700B071C8 /* Sources */,
				EED1F2E02430854700B071C8 /* Frameworks */,
				EED1F2E12430854700B071C8 /* Resources */,
				82B2A41DE54AC44D3BBDF64D /* [CP] Embed Pods Frameworks */,
			);
			buildRules = (
			);
			dependencies = (
				EED1F2E52430854700B071C8 /* PBXTargetDependency */,
			);
			name = CareTogetherTests;
			productName = CareTogetherTests;
			productReference = EED1F2E32430854700B071C8 /* CareTogetherTests.xctest */;
			productType = "com.apple.product-type.bundle.unit-test";
		};
		EED1F2ED2430854700B071C8 /* CareTogetherUITests */ = {
			isa = PBXNativeTarget;
			buildConfigurationList = EED1F2FD2430854700B071C8 /* Build configuration list for PBXNativeTarget "CareTogetherUITests" */;
			buildPhases = (
				26BAAB1B609DC702E0BC6C90 /* [CP] Check Pods Manifest.lock */,
				EED1F2EA2430854700B071C8 /* Sources */,
				EED1F2EB2430854700B071C8 /* Frameworks */,
				EED1F2EC2430854700B071C8 /* Resources */,
				8CC0A2C60F8997494937D158 /* [CP] Embed Pods Frameworks */,
			);
			buildRules = (
			);
			dependencies = (
				EED1F2F02430854700B071C8 /* PBXTargetDependency */,
			);
			name = CareTogetherUITests;
			productName = CareTogetherUITests;
			productReference = EED1F2EE2430854700B071C8 /* CareTogetherUITests.xctest */;
			productType = "com.apple.product-type.bundle.ui-testing";
		};
/* End PBXNativeTarget section */

/* Begin PBXProject section */
		EED1F2C22430854600B071C8 /* Project object */ = {
			isa = PBXProject;
			attributes = {
				LastSwiftUpdateCheck = 1100;
				LastUpgradeCheck = 1100;
				ORGANIZATIONNAME = HEINHTET;
				TargetAttributes = {
					EED1F2C92430854600B071C8 = {
						CreatedOnToolsVersion = 11.0;
					};
					EED1F2E22430854700B071C8 = {
						CreatedOnToolsVersion = 11.0;
						TestTargetID = EED1F2C92430854600B071C8;
					};
					EED1F2ED2430854700B071C8 = {
						CreatedOnToolsVersion = 11.0;
						TestTargetID = EED1F2C92430854600B071C8;
					};
				};
			};
			buildConfigurationList = EED1F2C52430854600B071C8 /* Build configuration list for PBXProject "CareTogether" */;
			compatibilityVersion = "Xcode 9.3";
			developmentRegion = en;
			hasScannedForEncodings = 0;
			knownRegions = (
				en,
				Base,
				my,
			);
			mainGroup = EED1F2C12430854600B071C8;
			productRefGroup = EED1F2CB2430854600B071C8 /* Products */;
			projectDirPath = "";
			projectRoot = "";
			targets = (
				EED1F2C92430854600B071C8 /* CareTogether */,
				EED1F2E22430854700B071C8 /* CareTogetherTests */,
				EED1F2ED2430854700B071C8 /* CareTogetherUITests */,
			);
		};
/* End PBXProject section */

/* Begin PBXResourcesBuildPhase section */
		EED1F2C82430854600B071C8 /* Resources */ = {
			isa = PBXResourcesBuildPhase;
			buildActionMask = 2147483647;
			files = (
				EE58226C24339BCF00D25CA2 /* SwiftDataTables.bundle in Resources */,
				EE5A0F9B2432FC8700F20E85 /* DetailToolbar.xib in Resources */,
				EED1F2DD2430854700B071C8 /* LaunchScreen.storyboard in Resources */,
				EED1F3032430870E00B071C8 /* Pyidaungsu-2.5.3_Bold.ttf in Resources */,
				EE5A0F8F2432F2D900F20E85 /* NewCell.xib in Resources */,
				EE06E1F624387F6600CF5B9C /* GoogleService-Info.plist in Resources */,
				EE58224524337B4D00D25CA2 /* DataByHospitalCell.xib in Resources */,
				EED1F3042430870E00B071C8 /* Pyidaungsu-2.5.3_Regular.ttf in Resources */,
				EE12FE482438B4D2009BD49B /* ServiceView.xib in Resources */,
				EE877C0B2448A05000B0AA56 /* LocaleCell.xib in Resources */,
				EEF573ED243B814600977AF8 /* VideoCell.xib in Resources */,
				EED1F2DA2430854700B071C8 /* Assets.xcassets in Resources */,
				EE695CF92430C034008512E4 /* PhoneToolbar.xib in Resources */,
				EE494D16244C39A9006656D7 /* Localizable.strings in Resources */,
				EEFEE80B2434D8F300B8D072 /* GlobalView.xib in Resources */,
				EED1F2D52430854600B071C8 /* Main.storyboard in Resources */,
			);
			runOnlyForDeploymentPostprocessing = 0;
		};
		EED1F2E12430854700B071C8 /* Resources */ = {
			isa = PBXResourcesBuildPhase;
			buildActionMask = 2147483647;
			files = (
			);
			runOnlyForDeploymentPostprocessing = 0;
		};
		EED1F2EC2430854700B071C8 /* Resources */ = {
			isa = PBXResourcesBuildPhase;
			buildActionMask = 2147483647;
			files = (
			);
			runOnlyForDeploymentPostprocessing = 0;
		};
/* End PBXResourcesBuildPhase section */

/* Begin PBXShellScriptBuildPhase section */
		26BAAB1B609DC702E0BC6C90 /* [CP] Check Pods Manifest.lock */ = {
			isa = PBXShellScriptBuildPhase;
			buildActionMask = 2147483647;
			files = (
			);
			inputFileListPaths = (
			);
			inputPaths = (
				"${PODS_PODFILE_DIR_PATH}/Podfile.lock",
				"${PODS_ROOT}/Manifest.lock",
			);
			name = "[CP] Check Pods Manifest.lock";
			outputFileListPaths = (
			);
			outputPaths = (
				"$(DERIVED_FILE_DIR)/Pods-CareTogether-CareTogetherUITests-checkManifestLockResult.txt",
			);
			runOnlyForDeploymentPostprocessing = 0;
			shellPath = /bin/sh;
			shellScript = "diff \"${PODS_PODFILE_DIR_PATH}/Podfile.lock\" \"${PODS_ROOT}/Manifest.lock\" > /dev/null\nif [ $? != 0 ] ; then\n    # print error to STDERR\n    echo \"error: The sandbox is not in sync with the Podfile.lock. Run 'pod install' or update your CocoaPods installation.\" >&2\n    exit 1\nfi\n# This output is used by Xcode 'outputs' to avoid re-running this script phase.\necho \"SUCCESS\" > \"${SCRIPT_OUTPUT_FILE_0}\"\n";
			showEnvVarsInLog = 0;
		};
		82B2A41DE54AC44D3BBDF64D /* [CP] Embed Pods Frameworks */ = {
			isa = PBXShellScriptBuildPhase;
			buildActionMask = 2147483647;
			files = (
			);
			inputFileListPaths = (
				"${PODS_ROOT}/Target Support Files/Pods-CareTogetherTests/Pods-CareTogetherTests-frameworks-${CONFIGURATION}-input-files.xcfilelist",
			);
			name = "[CP] Embed Pods Frameworks";
			outputFileListPaths = (
				"${PODS_ROOT}/Target Support Files/Pods-CareTogetherTests/Pods-CareTogetherTests-frameworks-${CONFIGURATION}-output-files.xcfilelist",
			);
			runOnlyForDeploymentPostprocessing = 0;
			shellPath = /bin/sh;
			shellScript = "\"${PODS_ROOT}/Target Support Files/Pods-CareTogetherTests/Pods-CareTogetherTests-frameworks.sh\"\n";
			showEnvVarsInLog = 0;
		};
		8CC0A2C60F8997494937D158 /* [CP] Embed Pods Frameworks */ = {
			isa = PBXShellScriptBuildPhase;
			buildActionMask = 2147483647;
			files = (
			);
			inputFileListPaths = (
				"${PODS_ROOT}/Target Support Files/Pods-CareTogether-CareTogetherUITests/Pods-CareTogether-CareTogetherUITests-frameworks-${CONFIGURATION}-input-files.xcfilelist",
			);
			name = "[CP] Embed Pods Frameworks";
			outputFileListPaths = (
				"${PODS_ROOT}/Target Support Files/Pods-CareTogether-CareTogetherUITests/Pods-CareTogether-CareTogetherUITests-frameworks-${CONFIGURATION}-output-files.xcfilelist",
			);
			runOnlyForDeploymentPostprocessing = 0;
			shellPath = /bin/sh;
			shellScript = "\"${PODS_ROOT}/Target Support Files/Pods-CareTogether-CareTogetherUITests/Pods-CareTogether-CareTogetherUITests-frameworks.sh\"\n";
			showEnvVarsInLog = 0;
		};
		BBCCE862FED2B75E68BD2394 /* [CP] Check Pods Manifest.lock */ = {
			isa = PBXShellScriptBuildPhase;
			buildActionMask = 2147483647;
			files = (
			);
			inputFileListPaths = (
			);
			inputPaths = (
				"${PODS_PODFILE_DIR_PATH}/Podfile.lock",
				"${PODS_ROOT}/Manifest.lock",
			);
			name = "[CP] Check Pods Manifest.lock";
			outputFileListPaths = (
			);
			outputPaths = (
				"$(DERIVED_FILE_DIR)/Pods-CareTogether-checkManifestLockResult.txt",
			);
			runOnlyForDeploymentPostprocessing = 0;
			shellPath = /bin/sh;
			shellScript = "diff \"${PODS_PODFILE_DIR_PATH}/Podfile.lock\" \"${PODS_ROOT}/Manifest.lock\" > /dev/null\nif [ $? != 0 ] ; then\n    # print error to STDERR\n    echo \"error: The sandbox is not in sync with the Podfile.lock. Run 'pod install' or update your CocoaPods installation.\" >&2\n    exit 1\nfi\n# This output is used by Xcode 'outputs' to avoid re-running this script phase.\necho \"SUCCESS\" > \"${SCRIPT_OUTPUT_FILE_0}\"\n";
			showEnvVarsInLog = 0;
		};
		D7A1678F168161A125F6EBA5 /* [CP] Check Pods Manifest.lock */ = {
			isa = PBXShellScriptBuildPhase;
			buildActionMask = 2147483647;
			files = (
			);
			inputFileListPaths = (
			);
			inputPaths = (
				"${PODS_PODFILE_DIR_PATH}/Podfile.lock",
				"${PODS_ROOT}/Manifest.lock",
			);
			name = "[CP] Check Pods Manifest.lock";
			outputFileListPaths = (
			);
			outputPaths = (
				"$(DERIVED_FILE_DIR)/Pods-CareTogetherTests-checkManifestLockResult.txt",
			);
			runOnlyForDeploymentPostprocessing = 0;
			shellPath = /bin/sh;
			shellScript = "diff \"${PODS_PODFILE_DIR_PATH}/Podfile.lock\" \"${PODS_ROOT}/Manifest.lock\" > /dev/null\nif [ $? != 0 ] ; then\n    # print error to STDERR\n    echo \"error: The sandbox is not in sync with the Podfile.lock. Run 'pod install' or update your CocoaPods installation.\" >&2\n    exit 1\nfi\n# This output is used by Xcode 'outputs' to avoid re-running this script phase.\necho \"SUCCESS\" > \"${SCRIPT_OUTPUT_FILE_0}\"\n";
			showEnvVarsInLog = 0;
		};
		FDAD9848A8BF6CAF07D9C2CE /* [CP] Embed Pods Frameworks */ = {
			isa = PBXShellScriptBuildPhase;
			buildActionMask = 2147483647;
			files = (
			);
			inputFileListPaths = (
				"${PODS_ROOT}/Target Support Files/Pods-CareTogether/Pods-CareTogether-frameworks-${CONFIGURATION}-input-files.xcfilelist",
			);
			name = "[CP] Embed Pods Frameworks";
			outputFileListPaths = (
				"${PODS_ROOT}/Target Support Files/Pods-CareTogether/Pods-CareTogether-frameworks-${CONFIGURATION}-output-files.xcfilelist",
			);
			runOnlyForDeploymentPostprocessing = 0;
			shellPath = /bin/sh;
			shellScript = "\"${PODS_ROOT}/Target Support Files/Pods-CareTogether/Pods-CareTogether-frameworks.sh\"\n";
			showEnvVarsInLog = 0;
		};
/* End PBXShellScriptBuildPhase section */

/* Begin PBXSourcesBuildPhase section */
		EED1F2C62430854600B071C8 /* Sources */ = {
			isa = PBXSourcesBuildPhase;
			buildActionMask = 2147483647;
			files = (
				EE5556972442212500075F7F /* StatusWebViewVc.swift in Sources */,
				EE12FE4D2438BC02009BD49B /* AnalyticsState.swift in Sources */,
				EE4ED25224390CCA00C63954 /* CountModel.swift in Sources */,
				EE4ED24E2438EECD00C63954 /* TrackDbUtils.swift in Sources */,
				EE58228024339BCF00D25CA2 /* VirtualPositionTrackable.swift in Sources */,
				EEAE66F32442147900DD602E /* BaseVc.swift in Sources */,
				EEFEE80D2434E64500B8D072 /* StaticCountryResponse.swift in Sources */,
				EEDA21D924336D8A0077B293 /* StaticMyanmarResponse.swift in Sources */,
				EE5A0F992432FC7C00F20E85 /* DetailToolbar.swift in Sources */,
				EE58227F24339BCF00D25CA2 /* SwiftDataTable.swift in Sources */,
				EE12FE462438B4C1009BD49B /* ServiceView.swift in Sources */,
				EE5A0F882432EB2800F20E85 /* NewUseCase.swift in Sources */,
				EE5822472433801A00D25CA2 /* FullInformationVc.swift in Sources */,
				EE877C0A2448A05000B0AA56 /* LocaleCell.swift in Sources */,
				EED1F3102430932600B071C8 /* RoundButton.swift in Sources */,
				EEF573F1243B8BDF00977AF8 /* YoutubeVc.swift in Sources */,
				EED1F30724308E0700B071C8 /* CIrcleImage.swift in Sources */,
				EEDA21D2243360970077B293 /* InfoVc.swift in Sources */,
				EE58227724339BCF00D25CA2 /* DataTableFixedColumnType.swift in Sources */,
				EE58227D24339BCF00D25CA2 /* SwiftDataTable+Extensions.swift in Sources */,
				EE58227A24339BCF00D25CA2 /* DataTableValueType.swift in Sources */,
				EEDA21CF24333FED0077B293 /* RealNewVc.swift in Sources */,
				EEA690AB244C5361008D2F7D /* AppTabBarVc.swift in Sources */,
				EE12FE502438C803009BD49B /* EncodedModel.swift in Sources */,
				EE58227824339BCF00D25CA2 /* DataTableSortType.swift in Sources */,
				EE58228324339BCF00D25CA2 /* DataTableSortable.swift in Sources */,
				EE58227124339BCF00D25CA2 /* DataCellViewModel.swift in Sources */,
				EED1F3122430961300B071C8 /* ViewExt.swift in Sources */,
				EEF5CA1E244866D400CA06CA /* CommonState.swift in Sources */,
				EE3E632F243B4DA70039BE4B /* AppNavigationController.swift in Sources */,
				EE3E6334243B558E0039BE4B /* TermVc.swift in Sources */,
				EED1F2D22430854600B071C8 /* ChooseFontVc.swift in Sources */,
				EE12FE4B2438BBD4009BD49B /* AnalyticsUseCase.swift in Sources */,
				EED1F2CE2430854600B071C8 /* AppDelegate.swift in Sources */,
				EE58227624339BCF00D25CA2 /* DataTableSearchTextField.swift in Sources */,
				EE58228124339BCF00D25CA2 /* CollectionViewCellRepresentable.swift in Sources */,
				EE58224424337B4D00D25CA2 /* DataByHospitalCell.swift in Sources */,
				EE58227C24339BCF00D25CA2 /* SwiftDataTableLayout.swift in Sources */,
				EE8717A4244E001C00081915 /* DoAndDontVc.swift in Sources */,
				EE58226E24339BCF00D25CA2 /* PaginationHeader.swift in Sources */,
				EE58227E24339BCF00D25CA2 /* DataStore.swift in Sources */,
				EEF5CA19244861DC00CA06CA /* SettingVc.swift in Sources */,
				EE3E6332243B4F840039BE4B /* AboutVcViewController.swift in Sources */,
				EEFEE8092434D8EB00B8D072 /* GlobalView.swift in Sources */,
				EE58227024339BCF00D25CA2 /* MenuLengthHeaderViewModel.swift in Sources */,
				EE58227524339BCF00D25CA2 /* DataHeaderFooter.swift in Sources */,
				EED1F30E24308F7800B071C8 /* RoundCardView.swift in Sources */,
				EE58228424339BCF00D25CA2 /* SwiftDataTableDataSourceAndDelegate.swift in Sources */,
				EE87179F244DF61E00081915 /* ToolbarWebVc.swift in Sources */,
				EEF573EF243B87E300977AF8 /* VideoResponse.swift in Sources */,
				EE8717AA244E0BB900081915 /* ShareHealthVc.swift in Sources */,
				EE58C06824325ED7002F9FAE /* CareService.swift in Sources */,
				EE58228224339BCF00D25CA2 /* DataCellRowRepresentable.swift in Sources */,
				EE8717A2244DFC9600081915 /* NewsAndVideosVc.swift in Sources */,
				EE58C06624325EB3002F9FAE /* Engine.swift in Sources */,
				EE5A0F8E2432F2D900F20E85 /* NewCell.swift in Sources */,
				EE58228524339BCF00D25CA2 /* CollectionViewSupplementaryElementRepresentable.swift in Sources */,
				EEDA21D424336CD70077B293 /* InfoUseCase.swift in Sources */,
				EE695D0A2430D88D008512E4 /* SafeNoticeVc.swift in Sources */,
				EE695CFE2430CBCA008512E4 /* Store.swift in Sources */,
				EE695D082430D77A008512E4 /* NoticePagerVc.swift in Sources */,
				EE695D002430D026008512E4 /* Reachability.swift in Sources */,
				EE5A0F922432F4B600F20E85 /* NewResponse.swift in Sources */,
				EE695CF72430C027008512E4 /* PhoneToolbar.swift in Sources */,
				EED1F2D82430854600B071C8 /* CareTogether.xcdatamodeld in Sources */,
				EE58226D24339BCF00D25CA2 /* PaginationHeaderViewModel.swift in Sources */,
				EEAE66F52442149B00DD602E /* DashboardVc.swift in Sources */,
				EE58227924339BCF00D25CA2 /* DataTableConfiguration.swift in Sources */,
				EE58C06A24325F3A002F9FAE /* Utils.swift in Sources */,
				EEDA21D624336D010077B293 /* InfoState.swift in Sources */,
				EEAE66F72442184A00DD602E /* AnalysisWebViewVc.swift in Sources */,
				EE58227324339BCF00D25CA2 /* DataCell.swift in Sources */,
				EE3E632D243B4C8A0039BE4B /* DashVc.swift in Sources */,
				EE8717AC244E1AA600081915 /* UIPaddingTextField.swift in Sources */,
				EE5A0F942432F83F00F20E85 /* NewDetailVc.swift in Sources */,
				EE58227B24339BCF00D25CA2 /* DataStructureModel.swift in Sources */,
				EED1F30A24308E9E00B071C8 /* Router.swift in Sources */,
				EEF5CA202448677600CA06CA /* CommonUseCase.swift in Sources */,
				EE4ED24C2438EE2B00C63954 /* TrackModel.swift in Sources */,
				EEAE66F924421B3100DD602E /* EmergencyVc.swift in Sources */,
				EE58227224339BCF00D25CA2 /* DataCellLayoutAttributes.swift in Sources */,
				EED1F3152430969400B071C8 /* PhoneVerifyVc.swift in Sources */,
				EEF5CA1C244861F700CA06CA /* SettingModel.swift in Sources */,
				EED1F2D02430854600B071C8 /* SceneDelegate.swift in Sources */,
				EE5A0F862432EB1700F20E85 /* NewVc.swift in Sources */,
				EE5A0F962432F9AB00F20E85 /* NewDetailResponse.swift in Sources */,
				EED1F30C24308F0900B071C8 /* VcExt.swift in Sources */,
				EEF573EC243B814600977AF8 /* VideoCell.swift in Sources */,
				EE5A0F8A2432EB7000F20E85 /* NewState.swift in Sources */,
				EE58227424339BCF00D25CA2 /* DataHeaderFooterViewModel.swift in Sources */,
				EE58226F24339BCF00D25CA2 /* MenuLengthHeader.swift in Sources */,
				EE4ED25024390AE800C63954 /* Const.swift in Sources */,
			);
			runOnlyForDeploymentPostprocessing = 0;
		};
		EED1F2DF2430854700B071C8 /* Sources */ = {
			isa = PBXSourcesBuildPhase;
			buildActionMask = 2147483647;
			files = (
				EED1F2E82430854700B071C8 /* CareTogetherTests.swift in Sources */,
			);
			runOnlyForDeploymentPostprocessing = 0;
		};
		EED1F2EA2430854700B071C8 /* Sources */ = {
			isa = PBXSourcesBuildPhase;
			buildActionMask = 2147483647;
			files = (
				EED1F2F32430854700B071C8 /* CareTogetherUITests.swift in Sources */,
			);
			runOnlyForDeploymentPostprocessing = 0;
		};
/* End PBXSourcesBuildPhase section */

/* Begin PBXTargetDependency section */
		EED1F2E52430854700B071C8 /* PBXTargetDependency */ = {
			isa = PBXTargetDependency;
			target = EED1F2C92430854600B071C8 /* CareTogether */;
			targetProxy = EED1F2E42430854700B071C8 /* PBXContainerItemProxy */;
		};
		EED1F2F02430854700B071C8 /* PBXTargetDependency */ = {
			isa = PBXTargetDependency;
			target = EED1F2C92430854600B071C8 /* CareTogether */;
			targetProxy = EED1F2EF2430854700B071C8 /* PBXContainerItemProxy */;
		};
/* End PBXTargetDependency section */

/* Begin PBXVariantGroup section */
		EE494D14244C39A9006656D7 /* Localizable.strings */ = {
			isa = PBXVariantGroup;
			children = (
				EE494D15244C39A9006656D7 /* Base */,
				EE494D17244C39B9006656D7 /* en */,
				EE494D18244C39BA006656D7 /* my */,
			);
			name = Localizable.strings;
			sourceTree = "<group>";
		};
		EED1F2D32430854600B071C8 /* Main.storyboard */ = {
			isa = PBXVariantGroup;
			children = (
				EED1F2D42430854600B071C8 /* Base */,
				EE494D0E244C387D006656D7 /* my */,
				EE494D11244C389E006656D7 /* en */,
			);
			name = Main.storyboard;
			sourceTree = "<group>";
		};
		EED1F2DB2430854700B071C8 /* LaunchScreen.storyboard */ = {
			isa = PBXVariantGroup;
			children = (
				EED1F2DC2430854700B071C8 /* Base */,
				EE494D0F244C387D006656D7 /* my */,
			);
			name = LaunchScreen.storyboard;
			sourceTree = "<group>";
		};
/* End PBXVariantGroup section */

/* Begin XCBuildConfiguration section */
		EED1F2F52430854700B071C8 /* Debug */ = {
			isa = XCBuildConfiguration;
			buildSettings = {
				ALWAYS_SEARCH_USER_PATHS = NO;
				CLANG_ANALYZER_LOCALIZABILITY_NONLOCALIZED = YES;
				CLANG_ANALYZER_NONNULL = YES;
				CLANG_ANALYZER_NUMBER_OBJECT_CONVERSION = YES_AGGRESSIVE;
				CLANG_CXX_LANGUAGE_STANDARD = "gnu++14";
				CLANG_CXX_LIBRARY = "libc++";
				CLANG_ENABLE_MODULES = YES;
				CLANG_ENABLE_OBJC_ARC = YES;
				CLANG_ENABLE_OBJC_WEAK = YES;
				CLANG_WARN_BLOCK_CAPTURE_AUTORELEASING = YES;
				CLANG_WARN_BOOL_CONVERSION = YES;
				CLANG_WARN_COMMA = YES;
				CLANG_WARN_CONSTANT_CONVERSION = YES;
				CLANG_WARN_DEPRECATED_OBJC_IMPLEMENTATIONS = YES;
				CLANG_WARN_DIRECT_OBJC_ISA_USAGE = YES_ERROR;
				CLANG_WARN_DOCUMENTATION_COMMENTS = YES;
				CLANG_WARN_EMPTY_BODY = YES;
				CLANG_WARN_ENUM_CONVERSION = YES;
				CLANG_WARN_INFINITE_RECURSION = YES;
				CLANG_WARN_INT_CONVERSION = YES;
				CLANG_WARN_NON_LITERAL_NULL_CONVERSION = YES;
				CLANG_WARN_OBJC_IMPLICIT_RETAIN_SELF = YES;
				CLANG_WARN_OBJC_LITERAL_CONVERSION = YES;
				CLANG_WARN_OBJC_ROOT_CLASS = YES_ERROR;
				CLANG_WARN_RANGE_LOOP_ANALYSIS = YES;
				CLANG_WARN_STRICT_PROTOTYPES = YES;
				CLANG_WARN_SUSPICIOUS_MOVE = YES;
				CLANG_WARN_UNGUARDED_AVAILABILITY = YES_AGGRESSIVE;
				CLANG_WARN_UNREACHABLE_CODE = YES;
				CLANG_WARN__DUPLICATE_METHOD_MATCH = YES;
				COPY_PHASE_STRIP = NO;
				DEBUG_INFORMATION_FORMAT = dwarf;
				ENABLE_STRICT_OBJC_MSGSEND = YES;
				ENABLE_TESTABILITY = YES;
				GCC_C_LANGUAGE_STANDARD = gnu11;
				GCC_DYNAMIC_NO_PIC = NO;
				GCC_NO_COMMON_BLOCKS = YES;
				GCC_OPTIMIZATION_LEVEL = 0;
				GCC_PREPROCESSOR_DEFINITIONS = (
					"DEBUG=1",
					"$(inherited)",
				);
				GCC_WARN_64_TO_32_BIT_CONVERSION = YES;
				GCC_WARN_ABOUT_RETURN_TYPE = YES_ERROR;
				GCC_WARN_UNDECLARED_SELECTOR = YES;
				GCC_WARN_UNINITIALIZED_AUTOS = YES_AGGRESSIVE;
				GCC_WARN_UNUSED_FUNCTION = YES;
				GCC_WARN_UNUSED_VARIABLE = YES;
				IPHONEOS_DEPLOYMENT_TARGET = 13.0;
				MTL_ENABLE_DEBUG_INFO = INCLUDE_SOURCE;
				MTL_FAST_MATH = YES;
				ONLY_ACTIVE_ARCH = YES;
				SDKROOT = iphoneos;
				SWIFT_ACTIVE_COMPILATION_CONDITIONS = DEBUG;
				SWIFT_OPTIMIZATION_LEVEL = "-Onone";
			};
			name = Debug;
		};
		EED1F2F62430854700B071C8 /* Release */ = {
			isa = XCBuildConfiguration;
			buildSettings = {
				ALWAYS_SEARCH_USER_PATHS = NO;
				CLANG_ANALYZER_LOCALIZABILITY_NONLOCALIZED = YES;
				CLANG_ANALYZER_NONNULL = YES;
				CLANG_ANALYZER_NUMBER_OBJECT_CONVERSION = YES_AGGRESSIVE;
				CLANG_CXX_LANGUAGE_STANDARD = "gnu++14";
				CLANG_CXX_LIBRARY = "libc++";
				CLANG_ENABLE_MODULES = YES;
				CLANG_ENABLE_OBJC_ARC = YES;
				CLANG_ENABLE_OBJC_WEAK = YES;
				CLANG_WARN_BLOCK_CAPTURE_AUTORELEASING = YES;
				CLANG_WARN_BOOL_CONVERSION = YES;
				CLANG_WARN_COMMA = YES;
				CLANG_WARN_CONSTANT_CONVERSION = YES;
				CLANG_WARN_DEPRECATED_OBJC_IMPLEMENTATIONS = YES;
				CLANG_WARN_DIRECT_OBJC_ISA_USAGE = YES_ERROR;
				CLANG_WARN_DOCUMENTATION_COMMENTS = YES;
				CLANG_WARN_EMPTY_BODY = YES;
				CLANG_WARN_ENUM_CONVERSION = YES;
				CLANG_WARN_INFINITE_RECURSION = YES;
				CLANG_WARN_INT_CONVERSION = YES;
				CLANG_WARN_NON_LITERAL_NULL_CONVERSION = YES;
				CLANG_WARN_OBJC_IMPLICIT_RETAIN_SELF = YES;
				CLANG_WARN_OBJC_LITERAL_CONVERSION = YES;
				CLANG_WARN_OBJC_ROOT_CLASS = YES_ERROR;
				CLANG_WARN_RANGE_LOOP_ANALYSIS = YES;
				CLANG_WARN_STRICT_PROTOTYPES = YES;
				CLANG_WARN_SUSPICIOUS_MOVE = YES;
				CLANG_WARN_UNGUARDED_AVAILABILITY = YES_AGGRESSIVE;
				CLANG_WARN_UNREACHABLE_CODE = YES;
				CLANG_WARN__DUPLICATE_METHOD_MATCH = YES;
				COPY_PHASE_STRIP = NO;
				DEBUG_INFORMATION_FORMAT = "dwarf-with-dsym";
				ENABLE_NS_ASSERTIONS = NO;
				ENABLE_STRICT_OBJC_MSGSEND = YES;
				GCC_C_LANGUAGE_STANDARD = gnu11;
				GCC_NO_COMMON_BLOCKS = YES;
				GCC_WARN_64_TO_32_BIT_CONVERSION = YES;
				GCC_WARN_ABOUT_RETURN_TYPE = YES_ERROR;
				GCC_WARN_UNDECLARED_SELECTOR = YES;
				GCC_WARN_UNINITIALIZED_AUTOS = YES_AGGRESSIVE;
				GCC_WARN_UNUSED_FUNCTION = YES;
				GCC_WARN_UNUSED_VARIABLE = YES;
				IPHONEOS_DEPLOYMENT_TARGET = 13.0;
				MTL_ENABLE_DEBUG_INFO = NO;
				MTL_FAST_MATH = YES;
				SDKROOT = iphoneos;
				SWIFT_COMPILATION_MODE = wholemodule;
				SWIFT_OPTIMIZATION_LEVEL = "-O";
				VALIDATE_PRODUCT = YES;
			};
			name = Release;
		};
		EED1F2F82430854700B071C8 /* Debug */ = {
			isa = XCBuildConfiguration;
			baseConfigurationReference = 5070DBBBB73ED417372DD47E /* Pods-CareTogether.debug.xcconfig */;
			buildSettings = {
				ASSETCATALOG_COMPILER_APPICON_NAME = AppIcon;
				CODE_SIGN_STYLE = Automatic;
				DEVELOPMENT_TEAM = 4PSGRCQ46G;
				INFOPLIST_FILE = CareTogether/Info.plist;
				LD_RUNPATH_SEARCH_PATHS = (
					"$(inherited)",
					"@executable_path/Frameworks",
				);
				PRODUCT_BUNDLE_IDENTIFIER = com.deevvdd.CareTogether;
				PRODUCT_NAME = "$(TARGET_NAME)";
				SWIFT_VERSION = 5.0;
				TARGETED_DEVICE_FAMILY = "1,2";
			};
			name = Debug;
		};
		EED1F2F92430854700B071C8 /* Release */ = {
			isa = XCBuildConfiguration;
			baseConfigurationReference = 297AFC4035A80F3A39C360CE /* Pods-CareTogether.release.xcconfig */;
			buildSettings = {
				ASSETCATALOG_COMPILER_APPICON_NAME = AppIcon;
				CODE_SIGN_STYLE = Automatic;
				DEVELOPMENT_TEAM = 4PSGRCQ46G;
				INFOPLIST_FILE = CareTogether/Info.plist;
				LD_RUNPATH_SEARCH_PATHS = (
					"$(inherited)",
					"@executable_path/Frameworks",
				);
				PRODUCT_BUNDLE_IDENTIFIER = com.deevvdd.CareTogether;
				PRODUCT_NAME = "$(TARGET_NAME)";
				SWIFT_VERSION = 5.0;
				TARGETED_DEVICE_FAMILY = "1,2";
			};
			name = Release;
		};
		EED1F2FB2430854700B071C8 /* Debug */ = {
			isa = XCBuildConfiguration;
			baseConfigurationReference = CC738E87ED8060A6371A630E /* Pods-CareTogetherTests.debug.xcconfig */;
			buildSettings = {
				ALWAYS_EMBED_SWIFT_STANDARD_LIBRARIES = YES;
				BUNDLE_LOADER = "$(TEST_HOST)";
				CODE_SIGN_STYLE = Automatic;
				DEVELOPMENT_TEAM = 4PSGRCQ46G;
				INFOPLIST_FILE = CareTogetherTests/Info.plist;
				IPHONEOS_DEPLOYMENT_TARGET = 13.0;
				LD_RUNPATH_SEARCH_PATHS = (
					"$(inherited)",
					"@executable_path/Frameworks",
					"@loader_path/Frameworks",
				);
				PRODUCT_BUNDLE_IDENTIFIER = com.deevvdd.CareTogetherTests;
				PRODUCT_NAME = "$(TARGET_NAME)";
				SWIFT_VERSION = 5.0;
				TARGETED_DEVICE_FAMILY = "1,2";
				TEST_HOST = "$(BUILT_PRODUCTS_DIR)/CareTogether.app/CareTogether";
			};
			name = Debug;
		};
		EED1F2FC2430854700B071C8 /* Release */ = {
			isa = XCBuildConfiguration;
			baseConfigurationReference = 8AF49D1B7DBE15C18723D305 /* Pods-CareTogetherTests.release.xcconfig */;
			buildSettings = {
				ALWAYS_EMBED_SWIFT_STANDARD_LIBRARIES = YES;
				BUNDLE_LOADER = "$(TEST_HOST)";
				CODE_SIGN_STYLE = Automatic;
				DEVELOPMENT_TEAM = 4PSGRCQ46G;
				INFOPLIST_FILE = CareTogetherTests/Info.plist;
				IPHONEOS_DEPLOYMENT_TARGET = 13.0;
				LD_RUNPATH_SEARCH_PATHS = (
					"$(inherited)",
					"@executable_path/Frameworks",
					"@loader_path/Frameworks",
				);
				PRODUCT_BUNDLE_IDENTIFIER = com.deevvdd.CareTogetherTests;
				PRODUCT_NAME = "$(TARGET_NAME)";
				SWIFT_VERSION = 5.0;
				TARGETED_DEVICE_FAMILY = "1,2";
				TEST_HOST = "$(BUILT_PRODUCTS_DIR)/CareTogether.app/CareTogether";
			};
			name = Release;
		};
		EED1F2FE2430854700B071C8 /* Debug */ = {
			isa = XCBuildConfiguration;
			baseConfigurationReference = EAD750E219A87CDF0B9E33ED /* Pods-CareTogether-CareTogetherUITests.debug.xcconfig */;
			buildSettings = {
				ALWAYS_EMBED_SWIFT_STANDARD_LIBRARIES = YES;
				CODE_SIGN_STYLE = Automatic;
				DEVELOPMENT_TEAM = 4PSGRCQ46G;
				INFOPLIST_FILE = CareTogetherUITests/Info.plist;
				LD_RUNPATH_SEARCH_PATHS = (
					"$(inherited)",
					"@executable_path/Frameworks",
					"@loader_path/Frameworks",
				);
				PRODUCT_BUNDLE_IDENTIFIER = com.deevvdd.CareTogetherUITests;
				PRODUCT_NAME = "$(TARGET_NAME)";
				SWIFT_VERSION = 5.0;
				TARGETED_DEVICE_FAMILY = "1,2";
				TEST_TARGET_NAME = CareTogether;
			};
			name = Debug;
		};
		EED1F2FF2430854700B071C8 /* Release */ = {
			isa = XCBuildConfiguration;
			baseConfigurationReference = 7E1A74FAE1FAD88D03ED3DE4 /* Pods-CareTogether-CareTogetherUITests.release.xcconfig */;
			buildSettings = {
				ALWAYS_EMBED_SWIFT_STANDARD_LIBRARIES = YES;
				CODE_SIGN_STYLE = Automatic;
				DEVELOPMENT_TEAM = 4PSGRCQ46G;
				INFOPLIST_FILE = CareTogetherUITests/Info.plist;
				LD_RUNPATH_SEARCH_PATHS = (
					"$(inherited)",
					"@executable_path/Frameworks",
					"@loader_path/Frameworks",
				);
				PRODUCT_BUNDLE_IDENTIFIER = com.deevvdd.CareTogetherUITests;
				PRODUCT_NAME = "$(TARGET_NAME)";
				SWIFT_VERSION = 5.0;
				TARGETED_DEVICE_FAMILY = "1,2";
				TEST_TARGET_NAME = CareTogether;
			};
			name = Release;
		};
/* End XCBuildConfiguration section */

/* Begin XCConfigurationList section */
		EED1F2C52430854600B071C8 /* Build configuration list for PBXProject "CareTogether" */ = {
			isa = XCConfigurationList;
			buildConfigurations = (
				EED1F2F52430854700B071C8 /* Debug */,
				EED1F2F62430854700B071C8 /* Release */,
			);
			defaultConfigurationIsVisible = 0;
			defaultConfigurationName = Release;
		};
		EED1F2F72430854700B071C8 /* Build configuration list for PBXNativeTarget "CareTogether" */ = {
			isa = XCConfigurationList;
			buildConfigurations = (
				EED1F2F82430854700B071C8 /* Debug */,
				EED1F2F92430854700B071C8 /* Release */,
			);
			defaultConfigurationIsVisible = 0;
			defaultConfigurationName = Release;
		};
		EED1F2FA2430854700B071C8 /* Build configuration list for PBXNativeTarget "CareTogetherTests" */ = {
			isa = XCConfigurationList;
			buildConfigurations = (
				EED1F2FB2430854700B071C8 /* Debug */,
				EED1F2FC2430854700B071C8 /* Release */,
			);
			defaultConfigurationIsVisible = 0;
			defaultConfigurationName = Release;
		};
		EED1F2FD2430854700B071C8 /* Build configuration list for PBXNativeTarget "CareTogetherUITests" */ = {
			isa = XCConfigurationList;
			buildConfigurations = (
				EED1F2FE2430854700B071C8 /* Debug */,
				EED1F2FF2430854700B071C8 /* Release */,
			);
			defaultConfigurationIsVisible = 0;
			defaultConfigurationName = Release;
		};
/* End XCConfigurationList section */

/* Begin XCVersionGroup section */
		EED1F2D62430854600B071C8 /* CareTogether.xcdatamodeld */ = {
			isa = XCVersionGroup;
			children = (
				EED1F2D72430854600B071C8 /* CareTogether.xcdatamodel */,
			);
			currentVersion = EED1F2D72430854600B071C8 /* CareTogether.xcdatamodel */;
			path = CareTogether.xcdatamodeld;
			sourceTree = "<group>";
			versionGroupType = wrapper.xcdatamodel;
		};
/* End XCVersionGroup section */
	};
	rootObject = EED1F2C22430854600B071C8 /* Project object */;
}
